<?xml version="1.0" encoding="utf-8"?>
<Project ToolsVersion="4.0" xmlns="http://schemas.microsoft.com/developer/msbuild/2003">
  <ItemGroup>
    <Filter Include="Source Files">
      <UniqueIdentifier>{4FC737F1-C7A5-4376-A066-2A32D752A2FF}</UniqueIdentifier>
      <Extensions>cpp;c;cc;cxx;def;odl;idl;hpj;bat;asm;asmx</Extensions>
    </Filter>
    <Filter Include="Header Files">
      <UniqueIdentifier>{93995380-89BD-4b04-88EB-625FBE52EBFB}</UniqueIdentifier>
      <Extensions>h;hh;hpp;hxx;hm;inl;inc;ipp;xsd</Extensions>
    </Filter>
    <Filter Include="Resource Files">
      <UniqueIdentifier>{67DA6AB6-F800-4c08-8B7A-83BB121AAD01}</UniqueIdentifier>
      <Extensions>rc;ico;cur;bmp;dlg;rc2;rct;bin;rgs;gif;jpg;jpeg;jpe;resx;tiff;tif;png;wav;mfcribbon-ms</Extensions>
    </Filter>
    <Filter Include="Header Files\Engine">
      <UniqueIdentifier>{ce52b46e-fd68-44da-beaf-4147b66fe688}</UniqueIdentifier>
    </Filter>
    <Filter Include="Header Files\Engine\Camera">
      <UniqueIdentifier>{04783582-85de-4a95-85a9-79b4ffe38ee6}</UniqueIdentifier>
    </Filter>
    <Filter Include="Header Files\Game">
      <UniqueIdentifier>{e8a90b3c-4f7c-40d3-a1c3-5ba4f925ec5a}</UniqueIdentifier>
    </Filter>
    <Filter Include="Header Files\Game\GameObjects">
      <UniqueIdentifier>{9ea1a43c-63a7-46ac-a114-efb8fc40cbd7}</UniqueIdentifier>
    </Filter>
    <Filter Include="Header Files\Engine\Math">
      <UniqueIdentifier>{082116c0-7d81-4dc3-9b38-a11a2f9b57e7}</UniqueIdentifier>
    </Filter>
    <Filter Include="Header Files\Engine\Rendering">
      <UniqueIdentifier>{959fa880-48df-4afe-b293-ae586fdfd471}</UniqueIdentifier>
    </Filter>
    <Filter Include="Header Files\Engine\Event">
      <UniqueIdentifier>{0d6e2097-c794-409d-885f-9efd1519e570}</UniqueIdentifier>
    </Filter>
    <Filter Include="Header Files\Game\Scene">
      <UniqueIdentifier>{509d9bb3-28b5-49d1-b31a-e4edd97f192f}</UniqueIdentifier>
    </Filter>
    <Filter Include="Header Files\Engine\Rendering\GUI">
      <UniqueIdentifier>{83edef19-e2f8-4ba5-aad5-df3762a00d9c}</UniqueIdentifier>
    </Filter>
    <Filter Include="Header Files\Game\GUI">
      <UniqueIdentifier>{0f1e9ef4-734c-4576-adf1-880713b790a8}</UniqueIdentifier>
    </Filter>
    <Filter Include="Header Files\Game\GUI\HUD Objects">
      <UniqueIdentifier>{d117cb92-dc7f-4afb-8f7f-19562c6184e5}</UniqueIdentifier>
    </Filter>
    <Filter Include="Header Files\Engine\FX">
      <UniqueIdentifier>{1bf1a161-9c53-48bb-9508-318e3a3847d8}</UniqueIdentifier>
    </Filter>
    <Filter Include="Source Files\Engine">
      <UniqueIdentifier>{9b495224-9221-4068-add0-308675452ec7}</UniqueIdentifier>
    </Filter>
    <Filter Include="Source Files\Game">
      <UniqueIdentifier>{3f473f7e-2380-4011-9045-4798033f9d8f}</UniqueIdentifier>
    </Filter>
    <Filter Include="Source Files\Game\GameObjects">
      <UniqueIdentifier>{8553ee08-8453-4a25-8ae3-3c53b049c375}</UniqueIdentifier>
    </Filter>
    <Filter Include="Source Files\Engine\Core">
      <UniqueIdentifier>{00dcb22b-fc04-4862-b10e-a387367100ff}</UniqueIdentifier>
    </Filter>
    <Filter Include="Source Files\Engine\Math">
      <UniqueIdentifier>{99cb342e-161a-461c-8b1f-2a94c642f950}</UniqueIdentifier>
    </Filter>
    <Filter Include="Source Files\Engine\Event">
      <UniqueIdentifier>{3e98e195-600d-4461-9af9-3e5b2fdf9ce3}</UniqueIdentifier>
    </Filter>
    <Filter Include="Source Files\Engine\Rendering">
      <UniqueIdentifier>{0d7fc80f-2fd1-4d5e-a58e-f512d3a3537a}</UniqueIdentifier>
    </Filter>
    <Filter Include="Source Files\Engine\Rendering\GUI">
      <UniqueIdentifier>{9a1c6dcb-50a5-4ae0-80f3-597621183b13}</UniqueIdentifier>
    </Filter>
    <Filter Include="Source Files\Engine\Camera">
      <UniqueIdentifier>{cd1d56b7-5560-42bd-90e3-2c73c85cc69e}</UniqueIdentifier>
    </Filter>
    <Filter Include="Source Files\Engine\FX">
      <UniqueIdentifier>{e48c4dbd-8cff-4ed9-b326-81ab9d91dd84}</UniqueIdentifier>
    </Filter>
    <Filter Include="Source Files\Game\Scene">
      <UniqueIdentifier>{274f73f8-0b8b-4f7c-9282-078f0a9f6916}</UniqueIdentifier>
    </Filter>
    <Filter Include="Source Files\Game\GUI">
      <UniqueIdentifier>{c9fe0dd3-0d0c-44e3-a1d8-50d47a85416b}</UniqueIdentifier>
    </Filter>
    <Filter Include="Source Files\Game\GUI\HUD Objects">
      <UniqueIdentifier>{071f489f-80ca-417e-93f0-eeae65adaa6f}</UniqueIdentifier>
    </Filter>
    <Filter Include="Header Files\Engine\Graphics">
      <UniqueIdentifier>{2e40408d-bf70-4baf-8c74-cd201c29cd69}</UniqueIdentifier>
    </Filter>
    <Filter Include="Source Files\Engine\Graphics">
      <UniqueIdentifier>{297be921-f6c3-4751-88ac-793933b09cd0}</UniqueIdentifier>
    </Filter>
    <Filter Include="Header Files\Game\Scripts">
      <UniqueIdentifier>{517f0888-c28e-4177-a75f-a6cc99714c2b}</UniqueIdentifier>
    </Filter>
    <Filter Include="Source Files\Game\Scripts">
      <UniqueIdentifier>{e518c3d0-a132-446f-9ca7-9f1c27255485}</UniqueIdentifier>
    </Filter>
    <Filter Include="Header Files\Engine\Audio">
      <UniqueIdentifier>{03663193-59f6-4309-9547-ed5d2db459f7}</UniqueIdentifier>
    </Filter>
    <Filter Include="Source Files\Engine\Audio">
      <UniqueIdentifier>{05a21351-8350-4277-8e8f-6b92c22ffe37}</UniqueIdentifier>
    </Filter>
    <Filter Include="Header Files\Game\GameObjects\Monsters">
      <UniqueIdentifier>{29328c44-df54-4da3-99ab-c8801af227b7}</UniqueIdentifier>
    </Filter>
    <Filter Include="Source Files\Game\GameObjects\Monsters">
      <UniqueIdentifier>{109a2df9-f04a-4f90-b386-2256852b1d9f}</UniqueIdentifier>
    </Filter>
    <Filter Include="Header Files\Engine\Core">
      <UniqueIdentifier>{aaa7cec5-d798-42dd-8187-e7566659fb51}</UniqueIdentifier>
    </Filter>
    <Filter Include="Source Files\Game\GameObjects\Projectiles">
      <UniqueIdentifier>{75099576-b38a-4c49-b683-6d588907b3e3}</UniqueIdentifier>
    </Filter>
    <Filter Include="Header Files\Game\GameObjects\Projectiles">
      <UniqueIdentifier>{b0aa61e9-cf14-439c-8e42-c043adfa49df}</UniqueIdentifier>
    </Filter>
    <Filter Include="Header Files\Engine\Shaders">
      <UniqueIdentifier>{d7234e8a-5299-4339-9b43-5c09d279444e}</UniqueIdentifier>
    </Filter>
    <Filter Include="Header Files\Engine\Rendering\Types">
      <UniqueIdentifier>{0aea61e1-38e8-438e-900f-c3950670b1cf}</UniqueIdentifier>
    </Filter>
    <Filter Include="Source Files\Engine\Rendering\Types">
      <UniqueIdentifier>{4fd4f8ec-48b0-4986-b968-2665b0df70ea}</UniqueIdentifier>
    </Filter>
    <Filter Include="Header Files\Engine\Graphics\OpenGL">
      <UniqueIdentifier>{cacec64e-ccb6-4fd9-bca6-84197ad81d90}</UniqueIdentifier>
    </Filter>
    <Filter Include="Header Files\Engine\Rendering\OpenGL">
      <UniqueIdentifier>{adae48a9-1095-4f79-9400-7f6c50e1936f}</UniqueIdentifier>
    </Filter>
    <Filter Include="Source Files\Engine\Graphics\OpenGL">
      <UniqueIdentifier>{cefc79f0-bb59-4152-ac42-d612559e5275}</UniqueIdentifier>
    </Filter>
    <Filter Include="Source Files\Engine\Rendering\OpenGL">
      <UniqueIdentifier>{2bac3a46-44e0-490e-9ea5-ce21e2ef58d9}</UniqueIdentifier>
    </Filter>
    <Filter Include="Header Files\Engine\Parser">
      <UniqueIdentifier>{77bbbd2d-6e5b-430c-b474-7ef286d4bda5}</UniqueIdentifier>
    </Filter>
    <Filter Include="Source Files\Engine\Parser">
      <UniqueIdentifier>{0c97e1b3-fe68-430c-aa34-0bd124e19773}</UniqueIdentifier>
    </Filter>
    <Filter Include="Resource Files\XML">
      <UniqueIdentifier>{ea927677-5967-4002-b368-b7580161d095}</UniqueIdentifier>
    </Filter>
    <Filter Include="Resource Files\XML\Scenes">
      <UniqueIdentifier>{d47e5bf9-f8f7-4bb5-a58d-f8f32dec1f59}</UniqueIdentifier>
    </Filter>
  </ItemGroup>
  <ItemGroup>
    <ClInclude Include="pch.h">
      <Filter>Header Files</Filter>
    </ClInclude>
    <ClInclude Include="Engine\Math\BoundingBox.h">
      <Filter>Header Files\Engine\Math</Filter>
    </ClInclude>
    <ClInclude Include="Engine\Camera\Camera.h">
      <Filter>Header Files\Engine\Camera</Filter>
    </ClInclude>
    <ClInclude Include="Engine\Math\CollisionDetection.h">
      <Filter>Header Files\Engine\Math</Filter>
    </ClInclude>
    <ClInclude Include="Engine\Math\CollisionHandler.h">
      <Filter>Header Files\Engine\Math</Filter>
    </ClInclude>
    <ClInclude Include="Engine\Rendering\Component.h">
      <Filter>Header Files\Engine\Rendering</Filter>
    </ClInclude>
    <ClInclude Include="Engine\Core\CoreEngine.h">
      <Filter>Header Files\Engine\Core</Filter>
    </ClInclude>
    <ClInclude Include="Engine\Core\Debug.h">
      <Filter>Header Files\Engine\Core</Filter>
    </ClInclude>
    <ClInclude Include="Engine\Events\EventListener.h">
      <Filter>Header Files\Engine\Event</Filter>
    </ClInclude>
    <ClInclude Include="Engine\Core\GameInterface.h">
      <Filter>Header Files\Engine\Core</Filter>
    </ClInclude>
    <ClInclude Include="Engine\Rendering\GameObject.h">
      <Filter>Header Files\Engine\Rendering</Filter>
    </ClInclude>
    <ClInclude Include="Game\Scenes\GameScene.h">
      <Filter>Header Files\Game\Scene</Filter>
    </ClInclude>
    <ClInclude Include="Game\GUI\HUD Objects\HealthBar.h">
      <Filter>Header Files\Game\GUI\HUD Objects</Filter>
    </ClInclude>
    <ClInclude Include="Game\GUI\HUD.h">
      <Filter>Header Files\Game\GUI</Filter>
    </ClInclude>
    <ClInclude Include="Engine\Rendering\Types\Image.h">
      <Filter>Header Files\Engine\Rendering\Types</Filter>
    </ClInclude>
    <ClInclude Include="Engine\Events\KeyEventListener.h">
      <Filter>Header Files\Engine\Event</Filter>
    </ClInclude>
    <ClInclude Include="Engine\FX\LightSource.h">
      <Filter>Header Files\Engine\FX</Filter>
    </ClInclude>
    <ClInclude Include="Engine\Events\MouseEventListener.h">
      <Filter>Header Files\Engine\Event</Filter>
    </ClInclude>
    <ClInclude Include="Engine\Math\Physics2D.h">
      <Filter>Header Files\Engine\Math</Filter>
    </ClInclude>
    <ClInclude Include="Game\GameObjects\PlayerCharacter.h">
      <Filter>Header Files\Game\GameObjects</Filter>
    </ClInclude>
    <ClInclude Include="Game\GameObjects\Projectile.h">
      <Filter>Header Files\Game\GameObjects</Filter>
    </ClInclude>
    <ClInclude Include="Engine\Core\QuadSpatialPartition.h">
      <Filter>Header Files\Engine\Core</Filter>
    </ClInclude>
    <ClInclude Include="Engine\Core\Scene.h">
      <Filter>Header Files\Engine\Core</Filter>
    </ClInclude>
    <ClInclude Include="Engine\Core\Timer.h">
      <Filter>Header Files\Engine\Core</Filter>
    </ClInclude>
    <ClInclude Include="Engine\Core\Window.h">
      <Filter>Header Files\Engine\Core</Filter>
    </ClInclude>
    <ClInclude Include="Game\Scenes\StartScene.h">
      <Filter>Header Files\Game\Scene</Filter>
    </ClInclude>
    <ClInclude Include="Engine\Rendering\SceneGraph.h">
      <Filter>Header Files\Engine\Rendering</Filter>
    </ClInclude>
    <ClInclude Include="Engine\Rendering\SpriteSurface.h">
      <Filter>Header Files\Engine\Rendering</Filter>
    </ClInclude>
    <ClInclude Include="Engine\Graphics\ShaderHandler.h">
      <Filter>Header Files\Engine\Graphics</Filter>
    </ClInclude>
    <ClInclude Include="Engine\Graphics\TextureHandler.h">
      <Filter>Header Files\Engine\Graphics</Filter>
    </ClInclude>
    <ClInclude Include="Game\Scenes\SceneManager.h">
      <Filter>Header Files\Game\Scene</Filter>
    </ClInclude>
    <ClInclude Include="Game\Scripts\Controller.h">
      <Filter>Header Files\Game\Scripts</Filter>
    </ClInclude>
    <ClInclude Include="Engine\Audio\AudioHandler.h">
      <Filter>Header Files\Engine\Audio</Filter>
    </ClInclude>
    <ClInclude Include="Engine\Audio\AudioSource.h">
      <Filter>Header Files\Engine\Audio</Filter>
    </ClInclude>
    <ClInclude Include="Game\GameObjects\Character.h">
      <Filter>Header Files\Game\GameObjects</Filter>
    </ClInclude>
    <ClInclude Include="Game\Scripts\GameManager.h">
      <Filter>Header Files\Game\Scripts</Filter>
    </ClInclude>
    <ClInclude Include="Game\GameObjects\Monsters\Monster.h">
      <Filter>Header Files\Game\GameObjects\Monsters</Filter>
    </ClInclude>
    <ClInclude Include="Game\GameObjects\Monsters\Archer.h">
      <Filter>Header Files\Game\GameObjects\Monsters</Filter>
    </ClInclude>
    <ClInclude Include="Engine\FX\Particle.h">
      <Filter>Header Files\Engine\FX</Filter>
    </ClInclude>
    <ClInclude Include="Game\GameObjects\Projectiles\Arrow.h">
      <Filter>Header Files\Game\GameObjects\Projectiles</Filter>
    </ClInclude>
    <ClInclude Include="Engine\Audio\BackgroundSound.h">
      <Filter>Header Files\Engine\Audio</Filter>
    </ClInclude>
    <ClInclude Include="Game\Scripts\TriggerBox.h">
      <Filter>Header Files\Game\Scripts</Filter>
    </ClInclude>
    <ClInclude Include="Engine\FX\ParticleEmitter.h">
      <Filter>Header Files\Engine\FX</Filter>
    </ClInclude>
    <ClInclude Include="Engine\Math\RandomNumber.h">
      <Filter>Header Files\Engine\Math</Filter>
    </ClInclude>
    <ClInclude Include="Game\GUI\HUD Objects\EnergyBar.h">
      <Filter>Header Files\Game\GUI\HUD Objects</Filter>
    </ClInclude>
    <ClInclude Include="Engine\Graphics\WindowDrawer.h">
      <Filter>Header Files\Engine\Graphics</Filter>
    </ClInclude>
    <ClInclude Include="Engine\Graphics\OpenGL\OpenGLWindow.h">
      <Filter>Header Files\Engine\Graphics\OpenGL</Filter>
    </ClInclude>
    <ClInclude Include="Engine\Rendering\OpenGL\OpenGLSpriteSurface.h">
      <Filter>Header Files\Engine\Rendering\OpenGL</Filter>
    </ClInclude>
    <ClInclude Include="Engine\Parser\XMLParser.h">
      <Filter>Header Files\Engine\Parser</Filter>
    </ClInclude>
    <ClInclude Include="Game\Scripts\MonsterLoader.h">
      <Filter>Header Files\Game\Scripts</Filter>
    </ClInclude>
    <ClInclude Include="Game\GUI\HUD Objects\EnergyDisplay.h">
      <Filter>Header Files\Game\GUI\HUD Objects</Filter>
    </ClInclude>
    <ClInclude Include="Engine\Rendering\GUI\GUIObject.h">
      <Filter>Header Files\Engine\Rendering\GUI</Filter>
    </ClInclude>
    <ClInclude Include="Engine\Rendering\GUI\GUIComponent.h">
      <Filter>Header Files\Engine\Rendering\GUI</Filter>
    </ClInclude>
    <ClInclude Include="Engine\Rendering\GUI\GUIImage.h">
      <Filter>Header Files\Engine\Rendering\GUI</Filter>
    </ClInclude>
    <ClInclude Include="Game\GameObjects\Tile.h">
      <Filter>Header Files\Game\GameObjects</Filter>
    </ClInclude>
    <ClInclude Include="Game\Scripts\LevelLoader.h">
      <Filter>Header Files\Game\Scripts</Filter>
    </ClInclude>
  </ItemGroup>
  <ItemGroup>
    <ClCompile Include="pch.cpp">
      <Filter>Source Files</Filter>
    </ClCompile>
    <ClCompile Include="Main.cpp">
      <Filter>Source Files</Filter>
    </ClCompile>
    <ClCompile Include="Engine\Math\CollisionDetection.cpp">
      <Filter>Source Files\Engine\Math</Filter>
    </ClCompile>
    <ClCompile Include="Engine\Math\CollisionHandler.cpp">
      <Filter>Source Files\Engine\Math</Filter>
    </ClCompile>
    <ClCompile Include="Engine\Core\Debug.cpp">
      <Filter>Source Files\Engine\Core</Filter>
    </ClCompile>
    <ClCompile Include="Engine\Core\CoreEngine.cpp">
      <Filter>Source Files\Engine\Core</Filter>
    </ClCompile>
    <ClCompile Include="Engine\Camera\Camera.cpp">
      <Filter>Source Files\Engine\Camera</Filter>
    </ClCompile>
    <ClCompile Include="Engine\Rendering\GameObject.cpp">
      <Filter>Source Files\Engine\Rendering</Filter>
    </ClCompile>
    <ClCompile Include="Engine\Events\EventListener.cpp">
      <Filter>Source Files\Engine\Event</Filter>
    </ClCompile>
    <ClCompile Include="Game\Scenes\GameScene.cpp">
      <Filter>Source Files\Game\Scene</Filter>
    </ClCompile>
    <ClCompile Include="Game\GUI\HUD Objects\HealthBar.cpp">
      <Filter>Source Files\Game\GUI\HUD Objects</Filter>
    </ClCompile>
    <ClCompile Include="Engine\Rendering\Types\Image.cpp">
      <Filter>Source Files\Engine\Rendering\Types</Filter>
    </ClCompile>
    <ClCompile Include="Engine\FX\LightSource.cpp">
      <Filter>Source Files\Engine\FX</Filter>
    </ClCompile>
    <ClCompile Include="Engine\Events\KeyEventListener.cpp">
      <Filter>Source Files\Engine\Event</Filter>
    </ClCompile>
    <ClCompile Include="Engine\Events\MouseEventListener.cpp">
      <Filter>Source Files\Engine\Event</Filter>
    </ClCompile>
    <ClCompile Include="Engine\Math\Physics2D.cpp">
      <Filter>Source Files\Engine\Math</Filter>
    </ClCompile>
    <ClCompile Include="Engine\Graphics\ShaderHandler.cpp">
      <Filter>Source Files\Engine\Graphics</Filter>
    </ClCompile>
    <ClCompile Include="Engine\Graphics\TextureHandler.cpp">
      <Filter>Source Files\Engine\Graphics</Filter>
    </ClCompile>
    <ClCompile Include="Game\Scenes\StartScene.cpp">
      <Filter>Source Files\Game\Scene</Filter>
    </ClCompile>
    <ClCompile Include="Engine\Core\Timer.cpp">
      <Filter>Source Files\Engine\Core</Filter>
    </ClCompile>
    <ClCompile Include="Engine\Core\QuadSpatialPartition.cpp">
      <Filter>Source Files\Engine\Core</Filter>
    </ClCompile>
    <ClCompile Include="Engine\Rendering\SceneGraph.cpp">
      <Filter>Source Files\Engine\Rendering</Filter>
    </ClCompile>
    <ClCompile Include="Engine\Rendering\SpriteSurface.cpp">
      <Filter>Source Files\Engine\Rendering</Filter>
    </ClCompile>
    <ClCompile Include="Game\GUI\HUD.cpp">
      <Filter>Source Files\Game\GUI</Filter>
    </ClCompile>
    <ClCompile Include="Game\Scenes\SceneManager.cpp">
      <Filter>Source Files\Game\Scene</Filter>
    </ClCompile>
    <ClCompile Include="Game\Scripts\Controller.cpp">
      <Filter>Source Files\Game\Scripts</Filter>
    </ClCompile>
    <ClCompile Include="Engine\Audio\AudioHandler.cpp">
      <Filter>Source Files\Engine\Audio</Filter>
    </ClCompile>
    <ClCompile Include="Engine\Audio\AudioSource.cpp">
      <Filter>Source Files\Engine\Audio</Filter>
    </ClCompile>
    <ClCompile Include="Game\GameObjects\Character.cpp">
      <Filter>Source Files\Game\GameObjects</Filter>
    </ClCompile>
    <ClCompile Include="Game\Scripts\GameManager.cpp">
      <Filter>Source Files\Game\Scripts</Filter>
    </ClCompile>
    <ClCompile Include="Game\GameObjects\Monsters\Monster.cpp">
      <Filter>Source Files\Game\GameObjects\Monsters</Filter>
    </ClCompile>
    <ClCompile Include="Game\GameObjects\Monsters\Archer.cpp">
      <Filter>Source Files\Game\GameObjects\Monsters</Filter>
    </ClCompile>
    <ClCompile Include="Engine\Audio\BackgroundSound.cpp">
      <Filter>Source Files\Engine\Audio</Filter>
    </ClCompile>
    <ClCompile Include="Game\Scripts\TriggerBox.cpp">
      <Filter>Source Files\Game\Scripts</Filter>
    </ClCompile>
    <ClCompile Include="Game\GameObjects\Projectile.cpp">
      <Filter>Source Files\Game\GameObjects</Filter>
    </ClCompile>
    <ClCompile Include="Game\GameObjects\Projectiles\Arrow.cpp">
      <Filter>Source Files\Game\GameObjects\Projectiles</Filter>
    </ClCompile>
    <ClCompile Include="Engine\Core\Window.cpp">
      <Filter>Source Files\Engine\Core</Filter>
    </ClCompile>
    <ClCompile Include="Engine\FX\Particle.cpp">
      <Filter>Source Files\Engine\FX</Filter>
    </ClCompile>
    <ClCompile Include="Engine\FX\ParticleEmitter.cpp">
      <Filter>Source Files\Engine\FX</Filter>
    </ClCompile>
    <ClCompile Include="Game\GameObjects\PlayerCharacter.cpp">
      <Filter>Source Files\Game\GameObjects</Filter>
    </ClCompile>
    <ClCompile Include="Game\GUI\HUD Objects\EnergyBar.cpp">
      <Filter>Source Files\Game\GUI\HUD Objects</Filter>
    </ClCompile>
    <ClCompile Include="Engine\Graphics\OpenGL\OpenGLWindow.cpp">
      <Filter>Source Files\Engine\Graphics\OpenGL</Filter>
    </ClCompile>
    <ClCompile Include="Engine\Rendering\OpenGL\OpenGLSpriteSurface.cpp">
      <Filter>Source Files\Engine\Rendering\OpenGL</Filter>
    </ClCompile>
    <ClCompile Include="Engine\Parser\XMLParser.cpp">
      <Filter>Source Files\Engine\Parser</Filter>
    </ClCompile>
    <ClCompile Include="Game\GUI\HUD Objects\EnergyDisplay.cpp">
      <Filter>Source Files\Game\GUI\HUD Objects</Filter>
    </ClCompile>
    <ClCompile Include="Engine\Rendering\GUI\GUIObject.cpp">
      <Filter>Source Files\Engine\Rendering\GUI</Filter>
    </ClCompile>
    <ClCompile Include="Engine\Rendering\GUI\GUIImage.cpp">
      <Filter>Source Files\Engine\Rendering\GUI</Filter>
    </ClCompile>
    <ClCompile Include="Game\GameObjects\Tile.cpp">
      <Filter>Source Files\Game\GameObjects</Filter>
    </ClCompile>
  </ItemGroup>
  <ItemGroup>
    <None Include="Engine\Shaders\SpriteFragShader.glsl">
      <Filter>Header Files\Engine\Shaders</Filter>
    </None>
    <None Include="Engine\Shaders\SpriteVertShader.glsl">
      <Filter>Header Files\Engine\Shaders</Filter>
    </None>
    <None Include="Engine\Shaders\GUIVertShader.glsl">
      <Filter>Header Files\Engine\Shaders</Filter>
    </None>
    <None Include="Engine\Shaders\GUIFragShader.glsl">
      <Filter>Header Files\Engine\Shaders</Filter>
    </None>
    <None Include="Engine\Shaders\ParticleVertShader.glsl">
      <Filter>Header Files\Engine\Shaders</Filter>
    </None>
    <None Include="Engine\Shaders\ParticleFragShader.glsl">
      <Filter>Header Files\Engine\Shaders</Filter>
    </None>
  </ItemGroup>
  <ItemGroup>
    <Text Include="Resources\XML\Scenes\GameScene.txt">
      <Filter>Resource Files\XML\Scenes</Filter>
    </Text>
    <Text Include="Resources\XML\Characters\Archer.txt">
      <Filter>Resource Files\XML\Scenes</Filter>
    </Text>
  </ItemGroup>
</Project>