
Microsoft Visual Studio Solution File, Format Version 11.00
# Visual Studio 15
Project("{8BC9CEB8-8B4A-11D0-8D11-00A0C91BC942}") = "3d", "3d.vcxproj", "{BD311BD3-545E-43FD-961F-5A85231CA513}"
EndProject
Project("{8BC9CEB8-8B4A-11D0-8D11-00A0C91BC942}") = "asyncio", "asyncio.vcxproj", "{F352112C-3183-4F54-AD43-22C9650B18C9}"
EndProject
Project("{8BC9CEB8-8B4A-11D0-8D11-00A0C91BC942}") = "channel_groups", "channel_groups.vcxproj", "{FBD246A0-E7DA-4784-8DA1-0C7002A11C88}"
EndProject
Project("{8BC9CEB8-8B4A-11D0-8D11-00A0C91BC942}") = "convolution_reverb", "convolution_reverb.vcxproj", "{8B68014A-FEFA-4BBD-BBEC-34D95F23F9FC}"
EndProject
Project("{8BC9CEB8-8B4A-11D0-8D11-00A0C91BC942}") = "dsp_custom", "dsp_custom.vcxproj", "{EFFB53B4-1259-4750-9754-4288BF2D2196}"
EndProject
Project("{8BC9CEB8-8B4A-11D0-8D11-00A0C91BC942}") = "dsp_effect_per_speaker", "dsp_effect_per_speaker.vcxproj", "{31A729AF-62C7-4B10-A3FD-223BDE63E270}"
EndProject
Project("{8BC9CEB8-8B4A-11D0-8D11-00A0C91BC942}") = "dsp_inspector", "dsp_inspector.vcxproj", "{3FF87DB6-58EB-4486-B2AF-3E4E38BF9740}"
EndProject
Project("{8BC9CEB8-8B4A-11D0-8D11-00A0C91BC942}") = "effects", "effects.vcxproj", "{1DAB19CD-1E46-4185-872A-76A16E421B87}"
EndProject
Project("{8BC9CEB8-8B4A-11D0-8D11-00A0C91BC942}") = "gapless_playback", "gapless_playback.vcxproj", "{C91DE633-034A-4B63-9416-D23262C56E5B}"
EndProject
Project("{8BC9CEB8-8B4A-11D0-8D11-00A0C91BC942}") = "generate_tone", "generate_tone.vcxproj", "{F4807ACE-1BC4-4603-BED6-EE74DDAAF8A8}"
EndProject
Project("{8BC9CEB8-8B4A-11D0-8D11-00A0C91BC942}") = "granular_synth", "granular_synth.vcxproj", "{D3FA02F1-9E86-4287-8ADB-909B796EDDF3}"
EndProject
Project("{8BC9CEB8-8B4A-11D0-8D11-00A0C91BC942}") = "load_from_memory", "load_from_memory.vcxproj", "{ADA40781-ED7B-4B54-8162-B95DEB361E15}"
EndProject
Project("{8BC9CEB8-8B4A-11D0-8D11-00A0C91BC942}") = "multiple_speaker", "multiple_speaker.vcxproj", "{4D4956B0-1B79-4A43-8749-47875725CCC0}"
EndProject
Project("{8BC9CEB8-8B4A-11D0-8D11-00A0C91BC942}") = "multiple_system", "multiple_system.vcxproj", "{60F7AEB5-250F-4082-8C30-FD1792F21FAC}"
EndProject
Project("{8BC9CEB8-8B4A-11D0-8D11-00A0C91BC942}") = "net_stream", "net_stream.vcxproj", "{0A0C92EE-6F17-48EE-BF77-8908430DC4CD}"
EndProject
Project("{8BC9CEB8-8B4A-11D0-8D11-00A0C91BC942}") = "play_sound", "play_sound.vcxproj", "{AA08FEB9-FC99-4005-90A8-9C1C7B944695}"
EndProject
Project("{8BC9CEB8-8B4A-11D0-8D11-00A0C91BC942}") = "play_stream", "play_stream.vcxproj", "{E25C5E56-B09A-4FBA-AB76-A57CD7F53078}"
EndProject
Project("{8BC9CEB8-8B4A-11D0-8D11-00A0C91BC942}") = "record", "record.vcxproj", "{00A2418B-017F-4CA8-B197-A97AA5EEF862}"
EndProject
Project("{8BC9CEB8-8B4A-11D0-8D11-00A0C91BC942}") = "record_enumeration", "record_enumeration.vcxproj", "{922C66C0-EB7E-49A6-8AE2-14ADE60B1757}"
EndProject
Project("{8BC9CEB8-8B4A-11D0-8D11-00A0C91BC942}") = "user_created_sound", "user_created_sound.vcxproj", "{B6FA4942-DD0E-4772-94B4-4881CD4B8E47}"
EndProject
Project("{8BC9CEB8-8B4A-11D0-8D11-00A0C91BC942}") = "fmod_codec_raw", "fmod_codec_raw.vcxproj", "{462E19F4-F3FD-47D9-8199-7E4B55BE28AA}"
EndProject
Project("{8BC9CEB8-8B4A-11D0-8D11-00A0C91BC942}") = "fmod_distance_filter", "fmod_distance_filter.vcxproj", "{E4A9D54A-0E65-45FE-B6A4-93C182A066C6}"
EndProject
Project("{8BC9CEB8-8B4A-11D0-8D11-00A0C91BC942}") = "fmod_gain", "fmod_gain.vcxproj", "{014D2922-1C11-4EE1-9305-37EC592852A1}"
EndProject
Project("{8BC9CEB8-8B4A-11D0-8D11-00A0C91BC942}") = "fmod_noise", "fmod_noise.vcxproj", "{BB2D76CC-0627-4CE3-8C4B-4A815FA60648}"
EndProject
Project("{8BC9CEB8-8B4A-11D0-8D11-00A0C91BC942}") = "output_mp3", "output_mp3.vcxproj", "{AAD4D6CF-1153-49B1-950F-78123473482C}"
EndProject
Global
	GlobalSection(SolutionConfigurationPlatforms) = preSolution
		Debug|Win32 = Debug|Win32
		Debug|x64 = Debug|x64
		Release|Win32 = Release|Win32
		Release|x64 = Release|x64
	EndGlobalSection
	GlobalSection(ProjectConfigurationPlatforms) = postSolution
		{BD311BD3-545E-43FD-961F-5A85231CA513}.Debug|Win32.ActiveCfg = Debug|Win32
		{BD311BD3-545E-43FD-961F-5A85231CA513}.Debug|Win32.Build.0 = Debug|Win32
		{BD311BD3-545E-43FD-961F-5A85231CA513}.Debug|Win32.Deploy.0 = Debug|Win32
		{BD311BD3-545E-43FD-961F-5A85231CA513}.Debug|x64.ActiveCfg = Debug|x64
		{BD311BD3-545E-43FD-961F-5A85231CA513}.Debug|x64.Build.0 = Debug|x64
		{BD311BD3-545E-43FD-961F-5A85231CA513}.Debug|x64.Deploy.0 = Debug|x64
		{BD311BD3-545E-43FD-961F-5A85231CA513}.Release|Win32.ActiveCfg = Release|Win32
		{BD311BD3-545E-43FD-961F-5A85231CA513}.Release|Win32.Build.0 = Release|Win32
		{BD311BD3-545E-43FD-961F-5A85231CA513}.Release|Win32.Deploy.0 = Release|Win32
		{BD311BD3-545E-43FD-961F-5A85231CA513}.Release|x64.ActiveCfg = Release|x64
		{BD311BD3-545E-43FD-961F-5A85231CA513}.Release|x64.Build.0 = Release|x64
		{BD311BD3-545E-43FD-961F-5A85231CA513}.Release|x64.Deploy.0 = Release|x64
		{F352112C-3183-4F54-AD43-22C9650B18C9}.Debug|Win32.ActiveCfg = Debug|Win32
		{F352112C-3183-4F54-AD43-22C9650B18C9}.Debug|Win32.Build.0 = Debug|Win32
		{F352112C-3183-4F54-AD43-22C9650B18C9}.Debug|Win32.Deploy.0 = Debug|Win32
		{F352112C-3183-4F54-AD43-22C9650B18C9}.Debug|x64.ActiveCfg = Debug|x64
		{F352112C-3183-4F54-AD43-22C9650B18C9}.Debug|x64.Build.0 = Debug|x64
		{F352112C-3183-4F54-AD43-22C9650B18C9}.Debug|x64.Deploy.0 = Debug|x64
		{F352112C-3183-4F54-AD43-22C9650B18C9}.Release|Win32.ActiveCfg = Release|Win32
		{F352112C-3183-4F54-AD43-22C9650B18C9}.Release|Win32.Build.0 = Release|Win32
		{F352112C-3183-4F54-AD43-22C9650B18C9}.Release|Win32.Deploy.0 = Release|Win32
		{F352112C-3183-4F54-AD43-22C9650B18C9}.Release|x64.ActiveCfg = Release|x64
		{F352112C-3183-4F54-AD43-22C9650B18C9}.Release|x64.Build.0 = Release|x64
		{F352112C-3183-4F54-AD43-22C9650B18C9}.Release|x64.Deploy.0 = Release|x64
		{FBD246A0-E7DA-4784-8DA1-0C7002A11C88}.Debug|Win32.ActiveCfg = Debug|Win32
		{FBD246A0-E7DA-4784-8DA1-0C7002A11C88}.Debug|Win32.Build.0 = Debug|Win32
		{FBD246A0-E7DA-4784-8DA1-0C7002A11C88}.Debug|Win32.Deploy.0 = Debug|Win32
		{FBD246A0-E7DA-4784-8DA1-0C7002A11C88}.Debug|x64.ActiveCfg = Debug|x64
		{FBD246A0-E7DA-4784-8DA1-0C7002A11C88}.Debug|x64.Build.0 = Debug|x64
		{FBD246A0-E7DA-4784-8DA1-0C7002A11C88}.Debug|x64.Deploy.0 = Debug|x64
		{FBD246A0-E7DA-4784-8DA1-0C7002A11C88}.Release|Win32.ActiveCfg = Release|Win32
		{FBD246A0-E7DA-4784-8DA1-0C7002A11C88}.Release|Win32.Build.0 = Release|Win32
		{FBD246A0-E7DA-4784-8DA1-0C7002A11C88}.Release|Win32.Deploy.0 = Release|Win32
		{FBD246A0-E7DA-4784-8DA1-0C7002A11C88}.Release|x64.ActiveCfg = Release|x64
		{FBD246A0-E7DA-4784-8DA1-0C7002A11C88}.Release|x64.Build.0 = Release|x64
		{FBD246A0-E7DA-4784-8DA1-0C7002A11C88}.Release|x64.Deploy.0 = Release|x64
		{8B68014A-FEFA-4BBD-BBEC-34D95F23F9FC}.Debug|Win32.ActiveCfg = Debug|Win32
		{8B68014A-FEFA-4BBD-BBEC-34D95F23F9FC}.Debug|Win32.Build.0 = Debug|Win32
		{8B68014A-FEFA-4BBD-BBEC-34D95F23F9FC}.Debug|Win32.Deploy.0 = Debug|Win32
		{8B68014A-FEFA-4BBD-BBEC-34D95F23F9FC}.Debug|x64.ActiveCfg = Debug|x64
		{8B68014A-FEFA-4BBD-BBEC-34D95F23F9FC}.Debug|x64.Build.0 = Debug|x64
		{8B68014A-FEFA-4BBD-BBEC-34D95F23F9FC}.Debug|x64.Deploy.0 = Debug|x64
		{8B68014A-FEFA-4BBD-BBEC-34D95F23F9FC}.Release|Win32.ActiveCfg = Release|Win32
		{8B68014A-FEFA-4BBD-BBEC-34D95F23F9FC}.Release|Win32.Build.0 = Release|Win32
		{8B68014A-FEFA-4BBD-BBEC-34D95F23F9FC}.Release|Win32.Deploy.0 = Release|Win32
		{8B68014A-FEFA-4BBD-BBEC-34D95F23F9FC}.Release|x64.ActiveCfg = Release|x64
		{8B68014A-FEFA-4BBD-BBEC-34D95F23F9FC}.Release|x64.Build.0 = Release|x64
		{8B68014A-FEFA-4BBD-BBEC-34D95F23F9FC}.Release|x64.Deploy.0 = Release|x64
		{EFFB53B4-1259-4750-9754-4288BF2D2196}.Debug|Win32.ActiveCfg = Debug|Win32
		{EFFB53B4-1259-4750-9754-4288BF2D2196}.Debug|Win32.Build.0 = Debug|Win32
		{EFFB53B4-1259-4750-9754-4288BF2D2196}.Debug|Win32.Deploy.0 = Debug|Win32
		{EFFB53B4-1259-4750-9754-4288BF2D2196}.Debug|x64.ActiveCfg = Debug|x64
		{EFFB53B4-1259-4750-9754-4288BF2D2196}.Debug|x64.Build.0 = Debug|x64
		{EFFB53B4-1259-4750-9754-4288BF2D2196}.Debug|x64.Deploy.0 = Debug|x64
		{EFFB53B4-1259-4750-9754-4288BF2D2196}.Release|Win32.ActiveCfg = Release|Win32
		{EFFB53B4-1259-4750-9754-4288BF2D2196}.Release|Win32.Build.0 = Release|Win32
		{EFFB53B4-1259-4750-9754-4288BF2D2196}.Release|Win32.Deploy.0 = Release|Win32
		{EFFB53B4-1259-4750-9754-4288BF2D2196}.Release|x64.ActiveCfg = Release|x64
		{EFFB53B4-1259-4750-9754-4288BF2D2196}.Release|x64.Build.0 = Release|x64
		{EFFB53B4-1259-4750-9754-4288BF2D2196}.Release|x64.Deploy.0 = Release|x64
		{31A729AF-62C7-4B10-A3FD-223BDE63E270}.Debug|Win32.ActiveCfg = Debug|Win32
		{31A729AF-62C7-4B10-A3FD-223BDE63E270}.Debug|Win32.Build.0 = Debug|Win32
		{31A729AF-62C7-4B10-A3FD-223BDE63E270}.Debug|Win32.Deploy.0 = Debug|Win32
		{31A729AF-62C7-4B10-A3FD-223BDE63E270}.Debug|x64.ActiveCfg = Debug|x64
		{31A729AF-62C7-4B10-A3FD-223BDE63E270}.Debug|x64.Build.0 = Debug|x64
		{31A729AF-62C7-4B10-A3FD-223BDE63E270}.Debug|x64.Deploy.0 = Debug|x64
		{31A729AF-62C7-4B10-A3FD-223BDE63E270}.Release|Win32.ActiveCfg = Release|Win32
		{31A729AF-62C7-4B10-A3FD-223BDE63E270}.Release|Win32.Build.0 = Release|Win32
		{31A729AF-62C7-4B10-A3FD-223BDE63E270}.Release|Win32.Deploy.0 = Release|Win32
		{31A729AF-62C7-4B10-A3FD-223BDE63E270}.Release|x64.ActiveCfg = Release|x64
		{31A729AF-62C7-4B10-A3FD-223BDE63E270}.Release|x64.Build.0 = Release|x64
		{31A729AF-62C7-4B10-A3FD-223BDE63E270}.Release|x64.Deploy.0 = Release|x64
		{3FF87DB6-58EB-4486-B2AF-3E4E38BF9740}.Debug|Win32.ActiveCfg = Debug|Win32
		{3FF87DB6-58EB-4486-B2AF-3E4E38BF9740}.Debug|Win32.Build.0 = Debug|Win32
		{3FF87DB6-58EB-4486-B2AF-3E4E38BF9740}.Debug|Win32.Deploy.0 = Debug|Win32
		{3FF87DB6-58EB-4486-B2AF-3E4E38BF9740}.Debug|x64.ActiveCfg = Debug|x64
		{3FF87DB6-58EB-4486-B2AF-3E4E38BF9740}.Debug|x64.Build.0 = Debug|x64
		{3FF87DB6-58EB-4486-B2AF-3E4E38BF9740}.Debug|x64.Deploy.0 = Debug|x64
		{3FF87DB6-58EB-4486-B2AF-3E4E38BF9740}.Release|Win32.ActiveCfg = Release|Win32
		{3FF87DB6-58EB-4486-B2AF-3E4E38BF9740}.Release|Win32.Build.0 = Release|Win32
		{3FF87DB6-58EB-4486-B2AF-3E4E38BF9740}.Release|Win32.Deploy.0 = Release|Win32
		{3FF87DB6-58EB-4486-B2AF-3E4E38BF9740}.Release|x64.ActiveCfg = Release|x64
		{3FF87DB6-58EB-4486-B2AF-3E4E38BF9740}.Release|x64.Build.0 = Release|x64
		{3FF87DB6-58EB-4486-B2AF-3E4E38BF9740}.Release|x64.Deploy.0 = Release|x64
		{1DAB19CD-1E46-4185-872A-76A16E421B87}.Debug|Win32.ActiveCfg = Debug|Win32
		{1DAB19CD-1E46-4185-872A-76A16E421B87}.Debug|Win32.Build.0 = Debug|Win32
		{1DAB19CD-1E46-4185-872A-76A16E421B87}.Debug|Win32.Deploy.0 = Debug|Win32
		{1DAB19CD-1E46-4185-872A-76A16E421B87}.Debug|x64.ActiveCfg = Debug|x64
		{1DAB19CD-1E46-4185-872A-76A16E421B87}.Debug|x64.Build.0 = Debug|x64
		{1DAB19CD-1E46-4185-872A-76A16E421B87}.Debug|x64.Deploy.0 = Debug|x64
		{1DAB19CD-1E46-4185-872A-76A16E421B87}.Release|Win32.ActiveCfg = Release|Win32
		{1DAB19CD-1E46-4185-872A-76A16E421B87}.Release|Win32.Build.0 = Release|Win32
		{1DAB19CD-1E46-4185-872A-76A16E421B87}.Release|Win32.Deploy.0 = Release|Win32
		{1DAB19CD-1E46-4185-872A-76A16E421B87}.Release|x64.ActiveCfg = Release|x64
		{1DAB19CD-1E46-4185-872A-76A16E421B87}.Release|x64.Build.0 = Release|x64
		{1DAB19CD-1E46-4185-872A-76A16E421B87}.Release|x64.Deploy.0 = Release|x64
		{C91DE633-034A-4B63-9416-D23262C56E5B}.Debug|Win32.ActiveCfg = Debug|Win32
		{C91DE633-034A-4B63-9416-D23262C56E5B}.Debug|Win32.Build.0 = Debug|Win32
		{C91DE633-034A-4B63-9416-D23262C56E5B}.Debug|Win32.Deploy.0 = Debug|Win32
		{C91DE633-034A-4B63-9416-D23262C56E5B}.Debug|x64.ActiveCfg = Debug|x64
		{C91DE633-034A-4B63-9416-D23262C56E5B}.Debug|x64.Build.0 = Debug|x64
		{C91DE633-034A-4B63-9416-D23262C56E5B}.Debug|x64.Deploy.0 = Debug|x64
		{C91DE633-034A-4B63-9416-D23262C56E5B}.Release|Win32.ActiveCfg = Release|Win32
		{C91DE633-034A-4B63-9416-D23262C56E5B}.Release|Win32.Build.0 = Release|Win32
		{C91DE633-034A-4B63-9416-D23262C56E5B}.Release|Win32.Deploy.0 = Release|Win32
		{C91DE633-034A-4B63-9416-D23262C56E5B}.Release|x64.ActiveCfg = Release|x64
		{C91DE633-034A-4B63-9416-D23262C56E5B}.Release|x64.Build.0 = Release|x64
		{C91DE633-034A-4B63-9416-D23262C56E5B}.Release|x64.Deploy.0 = Release|x64
		{F4807ACE-1BC4-4603-BED6-EE74DDAAF8A8}.Debug|Win32.ActiveCfg = Debug|Win32
		{F4807ACE-1BC4-4603-BED6-EE74DDAAF8A8}.Debug|Win32.Build.0 = Debug|Win32
		{F4807ACE-1BC4-4603-BED6-EE74DDAAF8A8}.Debug|Win32.Deploy.0 = Debug|Win32
		{F4807ACE-1BC4-4603-BED6-EE74DDAAF8A8}.Debug|x64.ActiveCfg = Debug|x64
		{F4807ACE-1BC4-4603-BED6-EE74DDAAF8A8}.Debug|x64.Build.0 = Debug|x64
		{F4807ACE-1BC4-4603-BED6-EE74DDAAF8A8}.Debug|x64.Deploy.0 = Debug|x64
		{F4807ACE-1BC4-4603-BED6-EE74DDAAF8A8}.Release|Win32.ActiveCfg = Release|Win32
		{F4807ACE-1BC4-4603-BED6-EE74DDAAF8A8}.Release|Win32.Build.0 = Release|Win32
		{F4807ACE-1BC4-4603-BED6-EE74DDAAF8A8}.Release|Win32.Deploy.0 = Release|Win32
		{F4807ACE-1BC4-4603-BED6-EE74DDAAF8A8}.Release|x64.ActiveCfg = Release|x64
		{F4807ACE-1BC4-4603-BED6-EE74DDAAF8A8}.Release|x64.Build.0 = Release|x64
		{F4807ACE-1BC4-4603-BED6-EE74DDAAF8A8}.Release|x64.Deploy.0 = Release|x64
		{D3FA02F1-9E86-4287-8ADB-909B796EDDF3}.Debug|Win32.ActiveCfg = Debug|Win32
		{D3FA02F1-9E86-4287-8ADB-909B796EDDF3}.Debug|Win32.Build.0 = Debug|Win32
		{D3FA02F1-9E86-4287-8ADB-909B796EDDF3}.Debug|Win32.Deploy.0 = Debug|Win32
		{D3FA02F1-9E86-4287-8ADB-909B796EDDF3}.Debug|x64.ActiveCfg = Debug|x64
		{D3FA02F1-9E86-4287-8ADB-909B796EDDF3}.Debug|x64.Build.0 = Debug|x64
		{D3FA02F1-9E86-4287-8ADB-909B796EDDF3}.Debug|x64.Deploy.0 = Debug|x64
		{D3FA02F1-9E86-4287-8ADB-909B796EDDF3}.Release|Win32.ActiveCfg = Release|Win32
		{D3FA02F1-9E86-4287-8ADB-909B796EDDF3}.Release|Win32.Build.0 = Release|Win32
		{D3FA02F1-9E86-4287-8ADB-909B796EDDF3}.Release|Win32.Deploy.0 = Release|Win32
		{D3FA02F1-9E86-4287-8ADB-909B796EDDF3}.Release|x64.ActiveCfg = Release|x64
		{D3FA02F1-9E86-4287-8ADB-909B796EDDF3}.Release|x64.Build.0 = Release|x64
		{D3FA02F1-9E86-4287-8ADB-909B796EDDF3}.Release|x64.Deploy.0 = Release|x64
		{ADA40781-ED7B-4B54-8162-B95DEB361E15}.Debug|Win32.ActiveCfg = Debug|Win32
		{ADA40781-ED7B-4B54-8162-B95DEB361E15}.Debug|Win32.Build.0 = Debug|Win32
		{ADA40781-ED7B-4B54-8162-B95DEB361E15}.Debug|Win32.Deploy.0 = Debug|Win32
		{ADA40781-ED7B-4B54-8162-B95DEB361E15}.Debug|x64.ActiveCfg = Debug|x64
		{ADA40781-ED7B-4B54-8162-B95DEB361E15}.Debug|x64.Build.0 = Debug|x64
		{ADA40781-ED7B-4B54-8162-B95DEB361E15}.Debug|x64.Deploy.0 = Debug|x64
		{ADA40781-ED7B-4B54-8162-B95DEB361E15}.Release|Win32.ActiveCfg = Release|Win32
		{ADA40781-ED7B-4B54-8162-B95DEB361E15}.Release|Win32.Build.0 = Release|Win32
		{ADA40781-ED7B-4B54-8162-B95DEB361E15}.Release|Win32.Deploy.0 = Release|Win32
		{ADA40781-ED7B-4B54-8162-B95DEB361E15}.Release|x64.ActiveCfg = Release|x64
		{ADA40781-ED7B-4B54-8162-B95DEB361E15}.Release|x64.Build.0 = Release|x64
		{ADA40781-ED7B-4B54-8162-B95DEB361E15}.Release|x64.Deploy.0 = Release|x64
		{4D4956B0-1B79-4A43-8749-47875725CCC0}.Debug|Win32.ActiveCfg = Debug|Win32
		{4D4956B0-1B79-4A43-8749-47875725CCC0}.Debug|Win32.Build.0 = Debug|Win32
		{4D4956B0-1B79-4A43-8749-47875725CCC0}.Debug|Win32.Deploy.0 = Debug|Win32
		{4D4956B0-1B79-4A43-8749-47875725CCC0}.Debug|x64.ActiveCfg = Debug|x64
		{4D4956B0-1B79-4A43-8749-47875725CCC0}.Debug|x64.Build.0 = Debug|x64
		{4D4956B0-1B79-4A43-8749-47875725CCC0}.Debug|x64.Deploy.0 = Debug|x64
		{4D4956B0-1B79-4A43-8749-47875725CCC0}.Release|Win32.ActiveCfg = Release|Win32
		{4D4956B0-1B79-4A43-8749-47875725CCC0}.Release|Win32.Build.0 = Release|Win32
		{4D4956B0-1B79-4A43-8749-47875725CCC0}.Release|Win32.Deploy.0 = Release|Win32
		{4D4956B0-1B79-4A43-8749-47875725CCC0}.Release|x64.ActiveCfg = Release|x64
		{4D4956B0-1B79-4A43-8749-47875725CCC0}.Release|x64.Build.0 = Release|x64
		{4D4956B0-1B79-4A43-8749-47875725CCC0}.Release|x64.Deploy.0 = Release|x64
		{60F7AEB5-250F-4082-8C30-FD1792F21FAC}.Debug|Win32.ActiveCfg = Debug|Win32
		{60F7AEB5-250F-4082-8C30-FD1792F21FAC}.Debug|Win32.Build.0 = Debug|Win32
		{60F7AEB5-250F-4082-8C30-FD1792F21FAC}.Debug|Win32.Deploy.0 = Debug|Win32
		{60F7AEB5-250F-4082-8C30-FD1792F21FAC}.Debug|x64.ActiveCfg = Debug|x64
		{60F7AEB5-250F-4082-8C30-FD1792F21FAC}.Debug|x64.Build.0 = Debug|x64
		{60F7AEB5-250F-4082-8C30-FD1792F21FAC}.Debug|x64.Deploy.0 = Debug|x64
		{60F7AEB5-250F-4082-8C30-FD1792F21FAC}.Release|Win32.ActiveCfg = Release|Win32
		{60F7AEB5-250F-4082-8C30-FD1792F21FAC}.Release|Win32.Build.0 = Release|Win32
		{60F7AEB5-250F-4082-8C30-FD1792F21FAC}.Release|Win32.Deploy.0 = Release|Win32
		{60F7AEB5-250F-4082-8C30-FD1792F21FAC}.Release|x64.ActiveCfg = Release|x64
		{60F7AEB5-250F-4082-8C30-FD1792F21FAC}.Release|x64.Build.0 = Release|x64
		{60F7AEB5-250F-4082-8C30-FD1792F21FAC}.Release|x64.Deploy.0 = Release|x64
		{0A0C92EE-6F17-48EE-BF77-8908430DC4CD}.Debug|Win32.ActiveCfg = Debug|Win32
		{0A0C92EE-6F17-48EE-BF77-8908430DC4CD}.Debug|Win32.Build.0 = Debug|Win32
		{0A0C92EE-6F17-48EE-BF77-8908430DC4CD}.Debug|Win32.Deploy.0 = Debug|Win32
		{0A0C92EE-6F17-48EE-BF77-8908430DC4CD}.Debug|x64.ActiveCfg = Debug|x64
		{0A0C92EE-6F17-48EE-BF77-8908430DC4CD}.Debug|x64.Build.0 = Debug|x64
		{0A0C92EE-6F17-48EE-BF77-8908430DC4CD}.Debug|x64.Deploy.0 = Debug|x64
		{0A0C92EE-6F17-48EE-BF77-8908430DC4CD}.Release|Win32.ActiveCfg = Release|Win32
		{0A0C92EE-6F17-48EE-BF77-8908430DC4CD}.Release|Win32.Build.0 = Release|Win32
		{0A0C92EE-6F17-48EE-BF77-8908430DC4CD}.Release|Win32.Deploy.0 = Release|Win32
		{0A0C92EE-6F17-48EE-BF77-8908430DC4CD}.Release|x64.ActiveCfg = Release|x64
		{0A0C92EE-6F17-48EE-BF77-8908430DC4CD}.Release|x64.Build.0 = Release|x64
		{0A0C92EE-6F17-48EE-BF77-8908430DC4CD}.Release|x64.Deploy.0 = Release|x64
		{AA08FEB9-FC99-4005-90A8-9C1C7B944695}.Debug|Win32.ActiveCfg = Debug|Win32
		{AA08FEB9-FC99-4005-90A8-9C1C7B944695}.Debug|Win32.Build.0 = Debug|Win32
		{AA08FEB9-FC99-4005-90A8-9C1C7B944695}.Debug|Win32.Deploy.0 = Debug|Win32
		{AA08FEB9-FC99-4005-90A8-9C1C7B944695}.Debug|x64.ActiveCfg = Debug|x64
		{AA08FEB9-FC99-4005-90A8-9C1C7B944695}.Debug|x64.Build.0 = Debug|x64
		{AA08FEB9-FC99-4005-90A8-9C1C7B944695}.Debug|x64.Deploy.0 = Debug|x64
		{AA08FEB9-FC99-4005-90A8-9C1C7B944695}.Release|Win32.ActiveCfg = Release|Win32
		{AA08FEB9-FC99-4005-90A8-9C1C7B944695}.Release|Win32.Build.0 = Release|Win32
		{AA08FEB9-FC99-4005-90A8-9C1C7B944695}.Release|Win32.Deploy.0 = Release|Win32
		{AA08FEB9-FC99-4005-90A8-9C1C7B944695}.Release|x64.ActiveCfg = Release|x64
		{AA08FEB9-FC99-4005-90A8-9C1C7B944695}.Release|x64.Build.0 = Release|x64
		{AA08FEB9-FC99-4005-90A8-9C1C7B944695}.Release|x64.Deploy.0 = Release|x64
		{E25C5E56-B09A-4FBA-AB76-A57CD7F53078}.Debug|Win32.ActiveCfg = Debug|Win32
		{E25C5E56-B09A-4FBA-AB76-A57CD7F53078}.Debug|Win32.Build.0 = Debug|Win32
		{E25C5E56-B09A-4FBA-AB76-A57CD7F53078}.Debug|Win32.Deploy.0 = Debug|Win32
		{E25C5E56-B09A-4FBA-AB76-A57CD7F53078}.Debug|x64.ActiveCfg = Debug|x64
		{E25C5E56-B09A-4FBA-AB76-A57CD7F53078}.Debug|x64.Build.0 = Debug|x64
		{E25C5E56-B09A-4FBA-AB76-A57CD7F53078}.Debug|x64.Deploy.0 = Debug|x64
		{E25C5E56-B09A-4FBA-AB76-A57CD7F53078}.Release|Win32.ActiveCfg = Release|Win32
		{E25C5E56-B09A-4FBA-AB76-A57CD7F53078}.Release|Win32.Build.0 = Release|Win32
		{E25C5E56-B09A-4FBA-AB76-A57CD7F53078}.Release|Win32.Deploy.0 = Release|Win32
		{E25C5E56-B09A-4FBA-AB76-A57CD7F53078}.Release|x64.ActiveCfg = Release|x64
		{E25C5E56-B09A-4FBA-AB76-A57CD7F53078}.Release|x64.Build.0 = Release|x64
		{E25C5E56-B09A-4FBA-AB76-A57CD7F53078}.Release|x64.Deploy.0 = Release|x64
		{00A2418B-017F-4CA8-B197-A97AA5EEF862}.Debug|Win32.ActiveCfg = Debug|Win32
		{00A2418B-017F-4CA8-B197-A97AA5EEF862}.Debug|Win32.Build.0 = Debug|Win32
		{00A2418B-017F-4CA8-B197-A97AA5EEF862}.Debug|Win32.Deploy.0 = Debug|Win32
		{00A2418B-017F-4CA8-B197-A97AA5EEF862}.Debug|x64.ActiveCfg = Debug|x64
		{00A2418B-017F-4CA8-B197-A97AA5EEF862}.Debug|x64.Build.0 = Debug|x64
		{00A2418B-017F-4CA8-B197-A97AA5EEF862}.Debug|x64.Deploy.0 = Debug|x64
		{00A2418B-017F-4CA8-B197-A97AA5EEF862}.Release|Win32.ActiveCfg = Release|Win32
		{00A2418B-017F-4CA8-B197-A97AA5EEF862}.Release|Win32.Build.0 = Release|Win32
		{00A2418B-017F-4CA8-B197-A97AA5EEF862}.Release|Win32.Deploy.0 = Release|Win32
		{00A2418B-017F-4CA8-B197-A97AA5EEF862}.Release|x64.ActiveCfg = Release|x64
		{00A2418B-017F-4CA8-B197-A97AA5EEF862}.Release|x64.Build.0 = Release|x64
		{00A2418B-017F-4CA8-B197-A97AA5EEF862}.Release|x64.Deploy.0 = Release|x64
		{922C66C0-EB7E-49A6-8AE2-14ADE60B1757}.Debug|Win32.ActiveCfg = Debug|Win32
		{922C66C0-EB7E-49A6-8AE2-14ADE60B1757}.Debug|Win32.Build.0 = Debug|Win32
		{922C66C0-EB7E-49A6-8AE2-14ADE60B1757}.Debug|Win32.Deploy.0 = Debug|Win32
		{922C66C0-EB7E-49A6-8AE2-14ADE60B1757}.Debug|x64.ActiveCfg = Debug|x64
		{922C66C0-EB7E-49A6-8AE2-14ADE60B1757}.Debug|x64.Build.0 = Debug|x64
		{922C66C0-EB7E-49A6-8AE2-14ADE60B1757}.Debug|x64.Deploy.0 = Debug|x64
		{922C66C0-EB7E-49A6-8AE2-14ADE60B1757}.Release|Win32.ActiveCfg = Release|Win32
		{922C66C0-EB7E-49A6-8AE2-14ADE60B1757}.Release|Win32.Build.0 = Release|Win32
		{922C66C0-EB7E-49A6-8AE2-14ADE60B1757}.Release|Win32.Deploy.0 = Release|Win32
		{922C66C0-EB7E-49A6-8AE2-14ADE60B1757}.Release|x64.ActiveCfg = Release|x64
		{922C66C0-EB7E-49A6-8AE2-14ADE60B1757}.Release|x64.Build.0 = Release|x64
		{922C66C0-EB7E-49A6-8AE2-14ADE60B1757}.Release|x64.Deploy.0 = Release|x64
		{B6FA4942-DD0E-4772-94B4-4881CD4B8E47}.Debug|Win32.ActiveCfg = Debug|Win32
		{B6FA4942-DD0E-4772-94B4-4881CD4B8E47}.Debug|Win32.Build.0 = Debug|Win32
		{B6FA4942-DD0E-4772-94B4-4881CD4B8E47}.Debug|Win32.Deploy.0 = Debug|Win32
		{B6FA4942-DD0E-4772-94B4-4881CD4B8E47}.Debug|x64.ActiveCfg = Debug|x64
		{B6FA4942-DD0E-4772-94B4-4881CD4B8E47}.Debug|x64.Build.0 = Debug|x64
		{B6FA4942-DD0E-4772-94B4-4881CD4B8E47}.Debug|x64.Deploy.0 = Debug|x64
		{B6FA4942-DD0E-4772-94B4-4881CD4B8E47}.Release|Win32.ActiveCfg = Release|Win32
		{B6FA4942-DD0E-4772-94B4-4881CD4B8E47}.Release|Win32.Build.0 = Release|Win32
		{B6FA4942-DD0E-4772-94B4-4881CD4B8E47}.Release|Win32.Deploy.0 = Release|Win32
		{B6FA4942-DD0E-4772-94B4-4881CD4B8E47}.Release|x64.ActiveCfg = Release|x64
		{B6FA4942-DD0E-4772-94B4-4881CD4B8E47}.Release|x64.Build.0 = Release|x64
		{B6FA4942-DD0E-4772-94B4-4881CD4B8E47}.Release|x64.Deploy.0 = Release|x64
		{462E19F4-F3FD-47D9-8199-7E4B55BE28AA}.Debug|Win32.ActiveCfg = Debug|Win32
		{462E19F4-F3FD-47D9-8199-7E4B55BE28AA}.Debug|Win32.Build.0 = Debug|Win32
		{462E19F4-F3FD-47D9-8199-7E4B55BE28AA}.Debug|Win32.Deploy.0 = Debug|Win32
		{462E19F4-F3FD-47D9-8199-7E4B55BE28AA}.Debug|x64.ActiveCfg = Debug|x64
		{462E19F4-F3FD-47D9-8199-7E4B55BE28AA}.Debug|x64.Build.0 = Debug|x64
		{462E19F4-F3FD-47D9-8199-7E4B55BE28AA}.Debug|x64.Deploy.0 = Debug|x64
		{462E19F4-F3FD-47D9-8199-7E4B55BE28AA}.Release|Win32.ActiveCfg = Release|Win32
		{462E19F4-F3FD-47D9-8199-7E4B55BE28AA}.Release|Win32.Build.0 = Release|Win32
		{462E19F4-F3FD-47D9-8199-7E4B55BE28AA}.Release|Win32.Deploy.0 = Release|Win32
		{462E19F4-F3FD-47D9-8199-7E4B55BE28AA}.Release|x64.ActiveCfg = Release|x64
		{462E19F4-F3FD-47D9-8199-7E4B55BE28AA}.Release|x64.Build.0 = Release|x64
		{462E19F4-F3FD-47D9-8199-7E4B55BE28AA}.Release|x64.Deploy.0 = Release|x64
		{E4A9D54A-0E65-45FE-B6A4-93C182A066C6}.Debug|Win32.ActiveCfg = Debug|Win32
		{E4A9D54A-0E65-45FE-B6A4-93C182A066C6}.Debug|Win32.Build.0 = Debug|Win32
		{E4A9D54A-0E65-45FE-B6A4-93C182A066C6}.Debug|Win32.Deploy.0 = Debug|Win32
		{E4A9D54A-0E65-45FE-B6A4-93C182A066C6}.Debug|x64.ActiveCfg = Debug|x64
		{E4A9D54A-0E65-45FE-B6A4-93C182A066C6}.Debug|x64.Build.0 = Debug|x64
		{E4A9D54A-0E65-45FE-B6A4-93C182A066C6}.Debug|x64.Deploy.0 = Debug|x64
		{E4A9D54A-0E65-45FE-B6A4-93C182A066C6}.Release|Win32.ActiveCfg = Release|Win32
		{E4A9D54A-0E65-45FE-B6A4-93C182A066C6}.Release|Win32.Build.0 = Release|Win32
		{E4A9D54A-0E65-45FE-B6A4-93C182A066C6}.Release|Win32.Deploy.0 = Release|Win32
		{E4A9D54A-0E65-45FE-B6A4-93C182A066C6}.Release|x64.ActiveCfg = Release|x64
		{E4A9D54A-0E65-45FE-B6A4-93C182A066C6}.Release|x64.Build.0 = Release|x64
		{E4A9D54A-0E65-45FE-B6A4-93C182A066C6}.Release|x64.Deploy.0 = Release|x64
		{014D2922-1C11-4EE1-9305-37EC592852A1}.Debug|Win32.ActiveCfg = Debug|Win32
		{014D2922-1C11-4EE1-9305-37EC592852A1}.Debug|Win32.Build.0 = Debug|Win32
		{014D2922-1C11-4EE1-9305-37EC592852A1}.Debug|Win32.Deploy.0 = Debug|Win32
		{014D2922-1C11-4EE1-9305-37EC592852A1}.Debug|x64.ActiveCfg = Debug|x64
		{014D2922-1C11-4EE1-9305-37EC592852A1}.Debug|x64.Build.0 = Debug|x64
		{014D2922-1C11-4EE1-9305-37EC592852A1}.Debug|x64.Deploy.0 = Debug|x64
		{014D2922-1C11-4EE1-9305-37EC592852A1}.Release|Win32.ActiveCfg = Release|Win32
		{014D2922-1C11-4EE1-9305-37EC592852A1}.Release|Win32.Build.0 = Release|Win32
		{014D2922-1C11-4EE1-9305-37EC592852A1}.Release|Win32.Deploy.0 = Release|Win32
		{014D2922-1C11-4EE1-9305-37EC592852A1}.Release|x64.ActiveCfg = Release|x64
		{014D2922-1C11-4EE1-9305-37EC592852A1}.Release|x64.Build.0 = Release|x64
		{014D2922-1C11-4EE1-9305-37EC592852A1}.Release|x64.Deploy.0 = Release|x64
		{BB2D76CC-0627-4CE3-8C4B-4A815FA60648}.Debug|Win32.ActiveCfg = Debug|Win32
		{BB2D76CC-0627-4CE3-8C4B-4A815FA60648}.Debug|Win32.Build.0 = Debug|Win32
		{BB2D76CC-0627-4CE3-8C4B-4A815FA60648}.Debug|Win32.Deploy.0 = Debug|Win32
		{BB2D76CC-0627-4CE3-8C4B-4A815FA60648}.Debug|x64.ActiveCfg = Debug|x64
		{BB2D76CC-0627-4CE3-8C4B-4A815FA60648}.Debug|x64.Build.0 = Debug|x64
		{BB2D76CC-0627-4CE3-8C4B-4A815FA60648}.Debug|x64.Deploy.0 = Debug|x64
		{BB2D76CC-0627-4CE3-8C4B-4A815FA60648}.Release|Win32.ActiveCfg = Release|Win32
		{BB2D76CC-0627-4CE3-8C4B-4A815FA60648}.Release|Win32.Build.0 = Release|Win32
		{BB2D76CC-0627-4CE3-8C4B-4A815FA60648}.Release|Win32.Deploy.0 = Release|Win32
		{BB2D76CC-0627-4CE3-8C4B-4A815FA60648}.Release|x64.ActiveCfg = Release|x64
		{BB2D76CC-0627-4CE3-8C4B-4A815FA60648}.Release|x64.Build.0 = Release|x64
		{BB2D76CC-0627-4CE3-8C4B-4A815FA60648}.Release|x64.Deploy.0 = Release|x64
		{AAD4D6CF-1153-49B1-950F-78123473482C}.Debug|Win32.ActiveCfg = Debug|Win32
		{AAD4D6CF-1153-49B1-950F-78123473482C}.Debug|Win32.Build.0 = Debug|Win32
		{AAD4D6CF-1153-49B1-950F-78123473482C}.Debug|Win32.Deploy.0 = Debug|Win32
		{AAD4D6CF-1153-49B1-950F-78123473482C}.Debug|x64.ActiveCfg = Debug|x64
		{AAD4D6CF-1153-49B1-950F-78123473482C}.Debug|x64.Build.0 = Debug|x64
		{AAD4D6CF-1153-49B1-950F-78123473482C}.Debug|x64.Deploy.0 = Debug|x64
		{AAD4D6CF-1153-49B1-950F-78123473482C}.Release|Win32.ActiveCfg = Release|Win32
		{AAD4D6CF-1153-49B1-950F-78123473482C}.Release|Win32.Build.0 = Release|Win32
		{AAD4D6CF-1153-49B1-950F-78123473482C}.Release|Win32.Deploy.0 = Release|Win32
		{AAD4D6CF-1153-49B1-950F-78123473482C}.Release|x64.ActiveCfg = Release|x64
		{AAD4D6CF-1153-49B1-950F-78123473482C}.Release|x64.Build.0 = Release|x64
		{AAD4D6CF-1153-49B1-950F-78123473482C}.Release|x64.Deploy.0 = Release|x64
	EndGlobalSection
	GlobalSection(SolutionProperties) = preSolution
		HideSolutionNode = FALSE
	EndGlobalSection
EndGlobal
