
Microsoft Visual Studio Solution File, Format Version 11.00
# Visual Studio Version 16
Project("{8BC9CEB8-8B4A-11D0-8D11-00A0C91BC942}") = "3d", "3d.vcxproj", "{A7E194D2-1C95-4782-9EE8-F5B2F9238DD9}"
EndProject
Project("{8BC9CEB8-8B4A-11D0-8D11-00A0C91BC942}") = "asyncio", "asyncio.vcxproj", "{C54FC2E1-27C8-43D0-8812-18010FD9D042}"
EndProject
Project("{8BC9CEB8-8B4A-11D0-8D11-00A0C91BC942}") = "channel_groups", "channel_groups.vcxproj", "{61FA2486-6BA9-4F73-95EC-D560CAD58544}"
EndProject
Project("{8BC9CEB8-8B4A-11D0-8D11-00A0C91BC942}") = "convolution_reverb", "convolution_reverb.vcxproj", "{0D4C4AF8-AD26-4D62-9F87-ABB1D4499582}"
EndProject
Project("{8BC9CEB8-8B4A-11D0-8D11-00A0C91BC942}") = "dsp_custom", "dsp_custom.vcxproj", "{B68146B5-7A0B-4DE1-AAEA-C6F3EFA7E8EF}"
EndProject
Project("{8BC9CEB8-8B4A-11D0-8D11-00A0C91BC942}") = "dsp_effect_per_speaker", "dsp_effect_per_speaker.vcxproj", "{D3C31838-07BB-4128-8933-B89649526068}"
EndProject
Project("{8BC9CEB8-8B4A-11D0-8D11-00A0C91BC942}") = "dsp_inspector", "dsp_inspector.vcxproj", "{3FED3CA0-A374-4B82-B643-DF5018CB608C}"
EndProject
Project("{8BC9CEB8-8B4A-11D0-8D11-00A0C91BC942}") = "effects", "effects.vcxproj", "{5F2D1BD6-37ED-4B60-9DBE-53E46892C5F7}"
EndProject
Project("{8BC9CEB8-8B4A-11D0-8D11-00A0C91BC942}") = "gapless_playback", "gapless_playback.vcxproj", "{AD0190CF-932F-4487-87F8-9C0E0189F6EF}"
EndProject
Project("{8BC9CEB8-8B4A-11D0-8D11-00A0C91BC942}") = "generate_tone", "generate_tone.vcxproj", "{FCFCFB06-197B-48AB-B9F5-1B66DA7CD209}"
EndProject
Project("{8BC9CEB8-8B4A-11D0-8D11-00A0C91BC942}") = "granular_synth", "granular_synth.vcxproj", "{EEB0A350-5FBA-45C7-BFB6-95F2BF997AC3}"
EndProject
Project("{8BC9CEB8-8B4A-11D0-8D11-00A0C91BC942}") = "load_from_memory", "load_from_memory.vcxproj", "{E59E608D-3AE7-4174-B33A-ADD4A5D1A02A}"
EndProject
Project("{8BC9CEB8-8B4A-11D0-8D11-00A0C91BC942}") = "multiple_speaker", "multiple_speaker.vcxproj", "{8BF411CB-5E5F-4A06-89D5-11C659A5D497}"
EndProject
Project("{8BC9CEB8-8B4A-11D0-8D11-00A0C91BC942}") = "multiple_system", "multiple_system.vcxproj", "{3FBDE444-5FC9-4E2B-8F62-D0863FDCF1EF}"
EndProject
Project("{8BC9CEB8-8B4A-11D0-8D11-00A0C91BC942}") = "net_stream", "net_stream.vcxproj", "{04788048-D081-4E88-9A04-7A31BF0B44BE}"
EndProject
Project("{8BC9CEB8-8B4A-11D0-8D11-00A0C91BC942}") = "play_sound", "play_sound.vcxproj", "{7AEEA3B6-A7A4-43F1-94F0-189D249E3D2A}"
EndProject
Project("{8BC9CEB8-8B4A-11D0-8D11-00A0C91BC942}") = "play_stream", "play_stream.vcxproj", "{FC5C2F3E-6605-4E60-B446-C5F89ED4FFE3}"
EndProject
Project("{8BC9CEB8-8B4A-11D0-8D11-00A0C91BC942}") = "record", "record.vcxproj", "{5BF24499-A974-4195-A2F3-68DE956A4B34}"
EndProject
Project("{8BC9CEB8-8B4A-11D0-8D11-00A0C91BC942}") = "record_enumeration", "record_enumeration.vcxproj", "{56031A6B-7694-4F7E-9D90-287FA9BB79CE}"
EndProject
Project("{8BC9CEB8-8B4A-11D0-8D11-00A0C91BC942}") = "user_created_sound", "user_created_sound.vcxproj", "{46C3D085-0DDB-4A58-AF9F-E69CBC8CCD30}"
EndProject
Project("{8BC9CEB8-8B4A-11D0-8D11-00A0C91BC942}") = "fmod_codec_raw", "fmod_codec_raw.vcxproj", "{C41195FB-0491-48FE-AAFE-B90775762988}"
EndProject
Project("{8BC9CEB8-8B4A-11D0-8D11-00A0C91BC942}") = "fmod_distance_filter", "fmod_distance_filter.vcxproj", "{2F2CC82D-D73B-4DEA-A1D6-928AB4579976}"
EndProject
Project("{8BC9CEB8-8B4A-11D0-8D11-00A0C91BC942}") = "fmod_gain", "fmod_gain.vcxproj", "{0CE5AC86-C70F-4A4F-A79F-9815828EFA7A}"
EndProject
Project("{8BC9CEB8-8B4A-11D0-8D11-00A0C91BC942}") = "fmod_noise", "fmod_noise.vcxproj", "{166F94C4-1641-47B2-9C6C-53B2125D123A}"
EndProject
Project("{8BC9CEB8-8B4A-11D0-8D11-00A0C91BC942}") = "output_mp3", "output_mp3.vcxproj", "{32C66927-C8EA-4534-A760-0BDA5A6F8C58}"
EndProject
Global
	GlobalSection(SolutionConfigurationPlatforms) = preSolution
		Debug|Win32 = Debug|Win32
		Debug|x64 = Debug|x64
		Release|Win32 = Release|Win32
		Release|x64 = Release|x64
	EndGlobalSection
	GlobalSection(ProjectConfigurationPlatforms) = postSolution
		{A7E194D2-1C95-4782-9EE8-F5B2F9238DD9}.Debug|Win32.ActiveCfg = Debug|Win32
		{A7E194D2-1C95-4782-9EE8-F5B2F9238DD9}.Debug|Win32.Build.0 = Debug|Win32
		{A7E194D2-1C95-4782-9EE8-F5B2F9238DD9}.Debug|Win32.Deploy.0 = Debug|Win32
		{A7E194D2-1C95-4782-9EE8-F5B2F9238DD9}.Debug|x64.ActiveCfg = Debug|x64
		{A7E194D2-1C95-4782-9EE8-F5B2F9238DD9}.Debug|x64.Build.0 = Debug|x64
		{A7E194D2-1C95-4782-9EE8-F5B2F9238DD9}.Debug|x64.Deploy.0 = Debug|x64
		{A7E194D2-1C95-4782-9EE8-F5B2F9238DD9}.Release|Win32.ActiveCfg = Release|Win32
		{A7E194D2-1C95-4782-9EE8-F5B2F9238DD9}.Release|Win32.Build.0 = Release|Win32
		{A7E194D2-1C95-4782-9EE8-F5B2F9238DD9}.Release|Win32.Deploy.0 = Release|Win32
		{A7E194D2-1C95-4782-9EE8-F5B2F9238DD9}.Release|x64.ActiveCfg = Release|x64
		{A7E194D2-1C95-4782-9EE8-F5B2F9238DD9}.Release|x64.Build.0 = Release|x64
		{A7E194D2-1C95-4782-9EE8-F5B2F9238DD9}.Release|x64.Deploy.0 = Release|x64
		{C54FC2E1-27C8-43D0-8812-18010FD9D042}.Debug|Win32.ActiveCfg = Debug|Win32
		{C54FC2E1-27C8-43D0-8812-18010FD9D042}.Debug|Win32.Build.0 = Debug|Win32
		{C54FC2E1-27C8-43D0-8812-18010FD9D042}.Debug|Win32.Deploy.0 = Debug|Win32
		{C54FC2E1-27C8-43D0-8812-18010FD9D042}.Debug|x64.ActiveCfg = Debug|x64
		{C54FC2E1-27C8-43D0-8812-18010FD9D042}.Debug|x64.Build.0 = Debug|x64
		{C54FC2E1-27C8-43D0-8812-18010FD9D042}.Debug|x64.Deploy.0 = Debug|x64
		{C54FC2E1-27C8-43D0-8812-18010FD9D042}.Release|Win32.ActiveCfg = Release|Win32
		{C54FC2E1-27C8-43D0-8812-18010FD9D042}.Release|Win32.Build.0 = Release|Win32
		{C54FC2E1-27C8-43D0-8812-18010FD9D042}.Release|Win32.Deploy.0 = Release|Win32
		{C54FC2E1-27C8-43D0-8812-18010FD9D042}.Release|x64.ActiveCfg = Release|x64
		{C54FC2E1-27C8-43D0-8812-18010FD9D042}.Release|x64.Build.0 = Release|x64
		{C54FC2E1-27C8-43D0-8812-18010FD9D042}.Release|x64.Deploy.0 = Release|x64
		{61FA2486-6BA9-4F73-95EC-D560CAD58544}.Debug|Win32.ActiveCfg = Debug|Win32
		{61FA2486-6BA9-4F73-95EC-D560CAD58544}.Debug|Win32.Build.0 = Debug|Win32
		{61FA2486-6BA9-4F73-95EC-D560CAD58544}.Debug|Win32.Deploy.0 = Debug|Win32
		{61FA2486-6BA9-4F73-95EC-D560CAD58544}.Debug|x64.ActiveCfg = Debug|x64
		{61FA2486-6BA9-4F73-95EC-D560CAD58544}.Debug|x64.Build.0 = Debug|x64
		{61FA2486-6BA9-4F73-95EC-D560CAD58544}.Debug|x64.Deploy.0 = Debug|x64
		{61FA2486-6BA9-4F73-95EC-D560CAD58544}.Release|Win32.ActiveCfg = Release|Win32
		{61FA2486-6BA9-4F73-95EC-D560CAD58544}.Release|Win32.Build.0 = Release|Win32
		{61FA2486-6BA9-4F73-95EC-D560CAD58544}.Release|Win32.Deploy.0 = Release|Win32
		{61FA2486-6BA9-4F73-95EC-D560CAD58544}.Release|x64.ActiveCfg = Release|x64
		{61FA2486-6BA9-4F73-95EC-D560CAD58544}.Release|x64.Build.0 = Release|x64
		{61FA2486-6BA9-4F73-95EC-D560CAD58544}.Release|x64.Deploy.0 = Release|x64
		{0D4C4AF8-AD26-4D62-9F87-ABB1D4499582}.Debug|Win32.ActiveCfg = Debug|Win32
		{0D4C4AF8-AD26-4D62-9F87-ABB1D4499582}.Debug|Win32.Build.0 = Debug|Win32
		{0D4C4AF8-AD26-4D62-9F87-ABB1D4499582}.Debug|Win32.Deploy.0 = Debug|Win32
		{0D4C4AF8-AD26-4D62-9F87-ABB1D4499582}.Debug|x64.ActiveCfg = Debug|x64
		{0D4C4AF8-AD26-4D62-9F87-ABB1D4499582}.Debug|x64.Build.0 = Debug|x64
		{0D4C4AF8-AD26-4D62-9F87-ABB1D4499582}.Debug|x64.Deploy.0 = Debug|x64
		{0D4C4AF8-AD26-4D62-9F87-ABB1D4499582}.Release|Win32.ActiveCfg = Release|Win32
		{0D4C4AF8-AD26-4D62-9F87-ABB1D4499582}.Release|Win32.Build.0 = Release|Win32
		{0D4C4AF8-AD26-4D62-9F87-ABB1D4499582}.Release|Win32.Deploy.0 = Release|Win32
		{0D4C4AF8-AD26-4D62-9F87-ABB1D4499582}.Release|x64.ActiveCfg = Release|x64
		{0D4C4AF8-AD26-4D62-9F87-ABB1D4499582}.Release|x64.Build.0 = Release|x64
		{0D4C4AF8-AD26-4D62-9F87-ABB1D4499582}.Release|x64.Deploy.0 = Release|x64
		{B68146B5-7A0B-4DE1-AAEA-C6F3EFA7E8EF}.Debug|Win32.ActiveCfg = Debug|Win32
		{B68146B5-7A0B-4DE1-AAEA-C6F3EFA7E8EF}.Debug|Win32.Build.0 = Debug|Win32
		{B68146B5-7A0B-4DE1-AAEA-C6F3EFA7E8EF}.Debug|Win32.Deploy.0 = Debug|Win32
		{B68146B5-7A0B-4DE1-AAEA-C6F3EFA7E8EF}.Debug|x64.ActiveCfg = Debug|x64
		{B68146B5-7A0B-4DE1-AAEA-C6F3EFA7E8EF}.Debug|x64.Build.0 = Debug|x64
		{B68146B5-7A0B-4DE1-AAEA-C6F3EFA7E8EF}.Debug|x64.Deploy.0 = Debug|x64
		{B68146B5-7A0B-4DE1-AAEA-C6F3EFA7E8EF}.Release|Win32.ActiveCfg = Release|Win32
		{B68146B5-7A0B-4DE1-AAEA-C6F3EFA7E8EF}.Release|Win32.Build.0 = Release|Win32
		{B68146B5-7A0B-4DE1-AAEA-C6F3EFA7E8EF}.Release|Win32.Deploy.0 = Release|Win32
		{B68146B5-7A0B-4DE1-AAEA-C6F3EFA7E8EF}.Release|x64.ActiveCfg = Release|x64
		{B68146B5-7A0B-4DE1-AAEA-C6F3EFA7E8EF}.Release|x64.Build.0 = Release|x64
		{B68146B5-7A0B-4DE1-AAEA-C6F3EFA7E8EF}.Release|x64.Deploy.0 = Release|x64
		{D3C31838-07BB-4128-8933-B89649526068}.Debug|Win32.ActiveCfg = Debug|Win32
		{D3C31838-07BB-4128-8933-B89649526068}.Debug|Win32.Build.0 = Debug|Win32
		{D3C31838-07BB-4128-8933-B89649526068}.Debug|Win32.Deploy.0 = Debug|Win32
		{D3C31838-07BB-4128-8933-B89649526068}.Debug|x64.ActiveCfg = Debug|x64
		{D3C31838-07BB-4128-8933-B89649526068}.Debug|x64.Build.0 = Debug|x64
		{D3C31838-07BB-4128-8933-B89649526068}.Debug|x64.Deploy.0 = Debug|x64
		{D3C31838-07BB-4128-8933-B89649526068}.Release|Win32.ActiveCfg = Release|Win32
		{D3C31838-07BB-4128-8933-B89649526068}.Release|Win32.Build.0 = Release|Win32
		{D3C31838-07BB-4128-8933-B89649526068}.Release|Win32.Deploy.0 = Release|Win32
		{D3C31838-07BB-4128-8933-B89649526068}.Release|x64.ActiveCfg = Release|x64
		{D3C31838-07BB-4128-8933-B89649526068}.Release|x64.Build.0 = Release|x64
		{D3C31838-07BB-4128-8933-B89649526068}.Release|x64.Deploy.0 = Release|x64
		{3FED3CA0-A374-4B82-B643-DF5018CB608C}.Debug|Win32.ActiveCfg = Debug|Win32
		{3FED3CA0-A374-4B82-B643-DF5018CB608C}.Debug|Win32.Build.0 = Debug|Win32
		{3FED3CA0-A374-4B82-B643-DF5018CB608C}.Debug|Win32.Deploy.0 = Debug|Win32
		{3FED3CA0-A374-4B82-B643-DF5018CB608C}.Debug|x64.ActiveCfg = Debug|x64
		{3FED3CA0-A374-4B82-B643-DF5018CB608C}.Debug|x64.Build.0 = Debug|x64
		{3FED3CA0-A374-4B82-B643-DF5018CB608C}.Debug|x64.Deploy.0 = Debug|x64
		{3FED3CA0-A374-4B82-B643-DF5018CB608C}.Release|Win32.ActiveCfg = Release|Win32
		{3FED3CA0-A374-4B82-B643-DF5018CB608C}.Release|Win32.Build.0 = Release|Win32
		{3FED3CA0-A374-4B82-B643-DF5018CB608C}.Release|Win32.Deploy.0 = Release|Win32
		{3FED3CA0-A374-4B82-B643-DF5018CB608C}.Release|x64.ActiveCfg = Release|x64
		{3FED3CA0-A374-4B82-B643-DF5018CB608C}.Release|x64.Build.0 = Release|x64
		{3FED3CA0-A374-4B82-B643-DF5018CB608C}.Release|x64.Deploy.0 = Release|x64
		{5F2D1BD6-37ED-4B60-9DBE-53E46892C5F7}.Debug|Win32.ActiveCfg = Debug|Win32
		{5F2D1BD6-37ED-4B60-9DBE-53E46892C5F7}.Debug|Win32.Build.0 = Debug|Win32
		{5F2D1BD6-37ED-4B60-9DBE-53E46892C5F7}.Debug|Win32.Deploy.0 = Debug|Win32
		{5F2D1BD6-37ED-4B60-9DBE-53E46892C5F7}.Debug|x64.ActiveCfg = Debug|x64
		{5F2D1BD6-37ED-4B60-9DBE-53E46892C5F7}.Debug|x64.Build.0 = Debug|x64
		{5F2D1BD6-37ED-4B60-9DBE-53E46892C5F7}.Debug|x64.Deploy.0 = Debug|x64
		{5F2D1BD6-37ED-4B60-9DBE-53E46892C5F7}.Release|Win32.ActiveCfg = Release|Win32
		{5F2D1BD6-37ED-4B60-9DBE-53E46892C5F7}.Release|Win32.Build.0 = Release|Win32
		{5F2D1BD6-37ED-4B60-9DBE-53E46892C5F7}.Release|Win32.Deploy.0 = Release|Win32
		{5F2D1BD6-37ED-4B60-9DBE-53E46892C5F7}.Release|x64.ActiveCfg = Release|x64
		{5F2D1BD6-37ED-4B60-9DBE-53E46892C5F7}.Release|x64.Build.0 = Release|x64
		{5F2D1BD6-37ED-4B60-9DBE-53E46892C5F7}.Release|x64.Deploy.0 = Release|x64
		{AD0190CF-932F-4487-87F8-9C0E0189F6EF}.Debug|Win32.ActiveCfg = Debug|Win32
		{AD0190CF-932F-4487-87F8-9C0E0189F6EF}.Debug|Win32.Build.0 = Debug|Win32
		{AD0190CF-932F-4487-87F8-9C0E0189F6EF}.Debug|Win32.Deploy.0 = Debug|Win32
		{AD0190CF-932F-4487-87F8-9C0E0189F6EF}.Debug|x64.ActiveCfg = Debug|x64
		{AD0190CF-932F-4487-87F8-9C0E0189F6EF}.Debug|x64.Build.0 = Debug|x64
		{AD0190CF-932F-4487-87F8-9C0E0189F6EF}.Debug|x64.Deploy.0 = Debug|x64
		{AD0190CF-932F-4487-87F8-9C0E0189F6EF}.Release|Win32.ActiveCfg = Release|Win32
		{AD0190CF-932F-4487-87F8-9C0E0189F6EF}.Release|Win32.Build.0 = Release|Win32
		{AD0190CF-932F-4487-87F8-9C0E0189F6EF}.Release|Win32.Deploy.0 = Release|Win32
		{AD0190CF-932F-4487-87F8-9C0E0189F6EF}.Release|x64.ActiveCfg = Release|x64
		{AD0190CF-932F-4487-87F8-9C0E0189F6EF}.Release|x64.Build.0 = Release|x64
		{AD0190CF-932F-4487-87F8-9C0E0189F6EF}.Release|x64.Deploy.0 = Release|x64
		{FCFCFB06-197B-48AB-B9F5-1B66DA7CD209}.Debug|Win32.ActiveCfg = Debug|Win32
		{FCFCFB06-197B-48AB-B9F5-1B66DA7CD209}.Debug|Win32.Build.0 = Debug|Win32
		{FCFCFB06-197B-48AB-B9F5-1B66DA7CD209}.Debug|Win32.Deploy.0 = Debug|Win32
		{FCFCFB06-197B-48AB-B9F5-1B66DA7CD209}.Debug|x64.ActiveCfg = Debug|x64
		{FCFCFB06-197B-48AB-B9F5-1B66DA7CD209}.Debug|x64.Build.0 = Debug|x64
		{FCFCFB06-197B-48AB-B9F5-1B66DA7CD209}.Debug|x64.Deploy.0 = Debug|x64
		{FCFCFB06-197B-48AB-B9F5-1B66DA7CD209}.Release|Win32.ActiveCfg = Release|Win32
		{FCFCFB06-197B-48AB-B9F5-1B66DA7CD209}.Release|Win32.Build.0 = Release|Win32
		{FCFCFB06-197B-48AB-B9F5-1B66DA7CD209}.Release|Win32.Deploy.0 = Release|Win32
		{FCFCFB06-197B-48AB-B9F5-1B66DA7CD209}.Release|x64.ActiveCfg = Release|x64
		{FCFCFB06-197B-48AB-B9F5-1B66DA7CD209}.Release|x64.Build.0 = Release|x64
		{FCFCFB06-197B-48AB-B9F5-1B66DA7CD209}.Release|x64.Deploy.0 = Release|x64
		{EEB0A350-5FBA-45C7-BFB6-95F2BF997AC3}.Debug|Win32.ActiveCfg = Debug|Win32
		{EEB0A350-5FBA-45C7-BFB6-95F2BF997AC3}.Debug|Win32.Build.0 = Debug|Win32
		{EEB0A350-5FBA-45C7-BFB6-95F2BF997AC3}.Debug|Win32.Deploy.0 = Debug|Win32
		{EEB0A350-5FBA-45C7-BFB6-95F2BF997AC3}.Debug|x64.ActiveCfg = Debug|x64
		{EEB0A350-5FBA-45C7-BFB6-95F2BF997AC3}.Debug|x64.Build.0 = Debug|x64
		{EEB0A350-5FBA-45C7-BFB6-95F2BF997AC3}.Debug|x64.Deploy.0 = Debug|x64
		{EEB0A350-5FBA-45C7-BFB6-95F2BF997AC3}.Release|Win32.ActiveCfg = Release|Win32
		{EEB0A350-5FBA-45C7-BFB6-95F2BF997AC3}.Release|Win32.Build.0 = Release|Win32
		{EEB0A350-5FBA-45C7-BFB6-95F2BF997AC3}.Release|Win32.Deploy.0 = Release|Win32
		{EEB0A350-5FBA-45C7-BFB6-95F2BF997AC3}.Release|x64.ActiveCfg = Release|x64
		{EEB0A350-5FBA-45C7-BFB6-95F2BF997AC3}.Release|x64.Build.0 = Release|x64
		{EEB0A350-5FBA-45C7-BFB6-95F2BF997AC3}.Release|x64.Deploy.0 = Release|x64
		{E59E608D-3AE7-4174-B33A-ADD4A5D1A02A}.Debug|Win32.ActiveCfg = Debug|Win32
		{E59E608D-3AE7-4174-B33A-ADD4A5D1A02A}.Debug|Win32.Build.0 = Debug|Win32
		{E59E608D-3AE7-4174-B33A-ADD4A5D1A02A}.Debug|Win32.Deploy.0 = Debug|Win32
		{E59E608D-3AE7-4174-B33A-ADD4A5D1A02A}.Debug|x64.ActiveCfg = Debug|x64
		{E59E608D-3AE7-4174-B33A-ADD4A5D1A02A}.Debug|x64.Build.0 = Debug|x64
		{E59E608D-3AE7-4174-B33A-ADD4A5D1A02A}.Debug|x64.Deploy.0 = Debug|x64
		{E59E608D-3AE7-4174-B33A-ADD4A5D1A02A}.Release|Win32.ActiveCfg = Release|Win32
		{E59E608D-3AE7-4174-B33A-ADD4A5D1A02A}.Release|Win32.Build.0 = Release|Win32
		{E59E608D-3AE7-4174-B33A-ADD4A5D1A02A}.Release|Win32.Deploy.0 = Release|Win32
		{E59E608D-3AE7-4174-B33A-ADD4A5D1A02A}.Release|x64.ActiveCfg = Release|x64
		{E59E608D-3AE7-4174-B33A-ADD4A5D1A02A}.Release|x64.Build.0 = Release|x64
		{E59E608D-3AE7-4174-B33A-ADD4A5D1A02A}.Release|x64.Deploy.0 = Release|x64
		{8BF411CB-5E5F-4A06-89D5-11C659A5D497}.Debug|Win32.ActiveCfg = Debug|Win32
		{8BF411CB-5E5F-4A06-89D5-11C659A5D497}.Debug|Win32.Build.0 = Debug|Win32
		{8BF411CB-5E5F-4A06-89D5-11C659A5D497}.Debug|Win32.Deploy.0 = Debug|Win32
		{8BF411CB-5E5F-4A06-89D5-11C659A5D497}.Debug|x64.ActiveCfg = Debug|x64
		{8BF411CB-5E5F-4A06-89D5-11C659A5D497}.Debug|x64.Build.0 = Debug|x64
		{8BF411CB-5E5F-4A06-89D5-11C659A5D497}.Debug|x64.Deploy.0 = Debug|x64
		{8BF411CB-5E5F-4A06-89D5-11C659A5D497}.Release|Win32.ActiveCfg = Release|Win32
		{8BF411CB-5E5F-4A06-89D5-11C659A5D497}.Release|Win32.Build.0 = Release|Win32
		{8BF411CB-5E5F-4A06-89D5-11C659A5D497}.Release|Win32.Deploy.0 = Release|Win32
		{8BF411CB-5E5F-4A06-89D5-11C659A5D497}.Release|x64.ActiveCfg = Release|x64
		{8BF411CB-5E5F-4A06-89D5-11C659A5D497}.Release|x64.Build.0 = Release|x64
		{8BF411CB-5E5F-4A06-89D5-11C659A5D497}.Release|x64.Deploy.0 = Release|x64
		{3FBDE444-5FC9-4E2B-8F62-D0863FDCF1EF}.Debug|Win32.ActiveCfg = Debug|Win32
		{3FBDE444-5FC9-4E2B-8F62-D0863FDCF1EF}.Debug|Win32.Build.0 = Debug|Win32
		{3FBDE444-5FC9-4E2B-8F62-D0863FDCF1EF}.Debug|Win32.Deploy.0 = Debug|Win32
		{3FBDE444-5FC9-4E2B-8F62-D0863FDCF1EF}.Debug|x64.ActiveCfg = Debug|x64
		{3FBDE444-5FC9-4E2B-8F62-D0863FDCF1EF}.Debug|x64.Build.0 = Debug|x64
		{3FBDE444-5FC9-4E2B-8F62-D0863FDCF1EF}.Debug|x64.Deploy.0 = Debug|x64
		{3FBDE444-5FC9-4E2B-8F62-D0863FDCF1EF}.Release|Win32.ActiveCfg = Release|Win32
		{3FBDE444-5FC9-4E2B-8F62-D0863FDCF1EF}.Release|Win32.Build.0 = Release|Win32
		{3FBDE444-5FC9-4E2B-8F62-D0863FDCF1EF}.Release|Win32.Deploy.0 = Release|Win32
		{3FBDE444-5FC9-4E2B-8F62-D0863FDCF1EF}.Release|x64.ActiveCfg = Release|x64
		{3FBDE444-5FC9-4E2B-8F62-D0863FDCF1EF}.Release|x64.Build.0 = Release|x64
		{3FBDE444-5FC9-4E2B-8F62-D0863FDCF1EF}.Release|x64.Deploy.0 = Release|x64
		{04788048-D081-4E88-9A04-7A31BF0B44BE}.Debug|Win32.ActiveCfg = Debug|Win32
		{04788048-D081-4E88-9A04-7A31BF0B44BE}.Debug|Win32.Build.0 = Debug|Win32
		{04788048-D081-4E88-9A04-7A31BF0B44BE}.Debug|Win32.Deploy.0 = Debug|Win32
		{04788048-D081-4E88-9A04-7A31BF0B44BE}.Debug|x64.ActiveCfg = Debug|x64
		{04788048-D081-4E88-9A04-7A31BF0B44BE}.Debug|x64.Build.0 = Debug|x64
		{04788048-D081-4E88-9A04-7A31BF0B44BE}.Debug|x64.Deploy.0 = Debug|x64
		{04788048-D081-4E88-9A04-7A31BF0B44BE}.Release|Win32.ActiveCfg = Release|Win32
		{04788048-D081-4E88-9A04-7A31BF0B44BE}.Release|Win32.Build.0 = Release|Win32
		{04788048-D081-4E88-9A04-7A31BF0B44BE}.Release|Win32.Deploy.0 = Release|Win32
		{04788048-D081-4E88-9A04-7A31BF0B44BE}.Release|x64.ActiveCfg = Release|x64
		{04788048-D081-4E88-9A04-7A31BF0B44BE}.Release|x64.Build.0 = Release|x64
		{04788048-D081-4E88-9A04-7A31BF0B44BE}.Release|x64.Deploy.0 = Release|x64
		{7AEEA3B6-A7A4-43F1-94F0-189D249E3D2A}.Debug|Win32.ActiveCfg = Debug|Win32
		{7AEEA3B6-A7A4-43F1-94F0-189D249E3D2A}.Debug|Win32.Build.0 = Debug|Win32
		{7AEEA3B6-A7A4-43F1-94F0-189D249E3D2A}.Debug|Win32.Deploy.0 = Debug|Win32
		{7AEEA3B6-A7A4-43F1-94F0-189D249E3D2A}.Debug|x64.ActiveCfg = Debug|x64
		{7AEEA3B6-A7A4-43F1-94F0-189D249E3D2A}.Debug|x64.Build.0 = Debug|x64
		{7AEEA3B6-A7A4-43F1-94F0-189D249E3D2A}.Debug|x64.Deploy.0 = Debug|x64
		{7AEEA3B6-A7A4-43F1-94F0-189D249E3D2A}.Release|Win32.ActiveCfg = Release|Win32
		{7AEEA3B6-A7A4-43F1-94F0-189D249E3D2A}.Release|Win32.Build.0 = Release|Win32
		{7AEEA3B6-A7A4-43F1-94F0-189D249E3D2A}.Release|Win32.Deploy.0 = Release|Win32
		{7AEEA3B6-A7A4-43F1-94F0-189D249E3D2A}.Release|x64.ActiveCfg = Release|x64
		{7AEEA3B6-A7A4-43F1-94F0-189D249E3D2A}.Release|x64.Build.0 = Release|x64
		{7AEEA3B6-A7A4-43F1-94F0-189D249E3D2A}.Release|x64.Deploy.0 = Release|x64
		{FC5C2F3E-6605-4E60-B446-C5F89ED4FFE3}.Debug|Win32.ActiveCfg = Debug|Win32
		{FC5C2F3E-6605-4E60-B446-C5F89ED4FFE3}.Debug|Win32.Build.0 = Debug|Win32
		{FC5C2F3E-6605-4E60-B446-C5F89ED4FFE3}.Debug|Win32.Deploy.0 = Debug|Win32
		{FC5C2F3E-6605-4E60-B446-C5F89ED4FFE3}.Debug|x64.ActiveCfg = Debug|x64
		{FC5C2F3E-6605-4E60-B446-C5F89ED4FFE3}.Debug|x64.Build.0 = Debug|x64
		{FC5C2F3E-6605-4E60-B446-C5F89ED4FFE3}.Debug|x64.Deploy.0 = Debug|x64
		{FC5C2F3E-6605-4E60-B446-C5F89ED4FFE3}.Release|Win32.ActiveCfg = Release|Win32
		{FC5C2F3E-6605-4E60-B446-C5F89ED4FFE3}.Release|Win32.Build.0 = Release|Win32
		{FC5C2F3E-6605-4E60-B446-C5F89ED4FFE3}.Release|Win32.Deploy.0 = Release|Win32
		{FC5C2F3E-6605-4E60-B446-C5F89ED4FFE3}.Release|x64.ActiveCfg = Release|x64
		{FC5C2F3E-6605-4E60-B446-C5F89ED4FFE3}.Release|x64.Build.0 = Release|x64
		{FC5C2F3E-6605-4E60-B446-C5F89ED4FFE3}.Release|x64.Deploy.0 = Release|x64
		{5BF24499-A974-4195-A2F3-68DE956A4B34}.Debug|Win32.ActiveCfg = Debug|Win32
		{5BF24499-A974-4195-A2F3-68DE956A4B34}.Debug|Win32.Build.0 = Debug|Win32
		{5BF24499-A974-4195-A2F3-68DE956A4B34}.Debug|Win32.Deploy.0 = Debug|Win32
		{5BF24499-A974-4195-A2F3-68DE956A4B34}.Debug|x64.ActiveCfg = Debug|x64
		{5BF24499-A974-4195-A2F3-68DE956A4B34}.Debug|x64.Build.0 = Debug|x64
		{5BF24499-A974-4195-A2F3-68DE956A4B34}.Debug|x64.Deploy.0 = Debug|x64
		{5BF24499-A974-4195-A2F3-68DE956A4B34}.Release|Win32.ActiveCfg = Release|Win32
		{5BF24499-A974-4195-A2F3-68DE956A4B34}.Release|Win32.Build.0 = Release|Win32
		{5BF24499-A974-4195-A2F3-68DE956A4B34}.Release|Win32.Deploy.0 = Release|Win32
		{5BF24499-A974-4195-A2F3-68DE956A4B34}.Release|x64.ActiveCfg = Release|x64
		{5BF24499-A974-4195-A2F3-68DE956A4B34}.Release|x64.Build.0 = Release|x64
		{5BF24499-A974-4195-A2F3-68DE956A4B34}.Release|x64.Deploy.0 = Release|x64
		{56031A6B-7694-4F7E-9D90-287FA9BB79CE}.Debug|Win32.ActiveCfg = Debug|Win32
		{56031A6B-7694-4F7E-9D90-287FA9BB79CE}.Debug|Win32.Build.0 = Debug|Win32
		{56031A6B-7694-4F7E-9D90-287FA9BB79CE}.Debug|Win32.Deploy.0 = Debug|Win32
		{56031A6B-7694-4F7E-9D90-287FA9BB79CE}.Debug|x64.ActiveCfg = Debug|x64
		{56031A6B-7694-4F7E-9D90-287FA9BB79CE}.Debug|x64.Build.0 = Debug|x64
		{56031A6B-7694-4F7E-9D90-287FA9BB79CE}.Debug|x64.Deploy.0 = Debug|x64
		{56031A6B-7694-4F7E-9D90-287FA9BB79CE}.Release|Win32.ActiveCfg = Release|Win32
		{56031A6B-7694-4F7E-9D90-287FA9BB79CE}.Release|Win32.Build.0 = Release|Win32
		{56031A6B-7694-4F7E-9D90-287FA9BB79CE}.Release|Win32.Deploy.0 = Release|Win32
		{56031A6B-7694-4F7E-9D90-287FA9BB79CE}.Release|x64.ActiveCfg = Release|x64
		{56031A6B-7694-4F7E-9D90-287FA9BB79CE}.Release|x64.Build.0 = Release|x64
		{56031A6B-7694-4F7E-9D90-287FA9BB79CE}.Release|x64.Deploy.0 = Release|x64
		{46C3D085-0DDB-4A58-AF9F-E69CBC8CCD30}.Debug|Win32.ActiveCfg = Debug|Win32
		{46C3D085-0DDB-4A58-AF9F-E69CBC8CCD30}.Debug|Win32.Build.0 = Debug|Win32
		{46C3D085-0DDB-4A58-AF9F-E69CBC8CCD30}.Debug|Win32.Deploy.0 = Debug|Win32
		{46C3D085-0DDB-4A58-AF9F-E69CBC8CCD30}.Debug|x64.ActiveCfg = Debug|x64
		{46C3D085-0DDB-4A58-AF9F-E69CBC8CCD30}.Debug|x64.Build.0 = Debug|x64
		{46C3D085-0DDB-4A58-AF9F-E69CBC8CCD30}.Debug|x64.Deploy.0 = Debug|x64
		{46C3D085-0DDB-4A58-AF9F-E69CBC8CCD30}.Release|Win32.ActiveCfg = Release|Win32
		{46C3D085-0DDB-4A58-AF9F-E69CBC8CCD30}.Release|Win32.Build.0 = Release|Win32
		{46C3D085-0DDB-4A58-AF9F-E69CBC8CCD30}.Release|Win32.Deploy.0 = Release|Win32
		{46C3D085-0DDB-4A58-AF9F-E69CBC8CCD30}.Release|x64.ActiveCfg = Release|x64
		{46C3D085-0DDB-4A58-AF9F-E69CBC8CCD30}.Release|x64.Build.0 = Release|x64
		{46C3D085-0DDB-4A58-AF9F-E69CBC8CCD30}.Release|x64.Deploy.0 = Release|x64
		{C41195FB-0491-48FE-AAFE-B90775762988}.Debug|Win32.ActiveCfg = Debug|Win32
		{C41195FB-0491-48FE-AAFE-B90775762988}.Debug|Win32.Build.0 = Debug|Win32
		{C41195FB-0491-48FE-AAFE-B90775762988}.Debug|Win32.Deploy.0 = Debug|Win32
		{C41195FB-0491-48FE-AAFE-B90775762988}.Debug|x64.ActiveCfg = Debug|x64
		{C41195FB-0491-48FE-AAFE-B90775762988}.Debug|x64.Build.0 = Debug|x64
		{C41195FB-0491-48FE-AAFE-B90775762988}.Debug|x64.Deploy.0 = Debug|x64
		{C41195FB-0491-48FE-AAFE-B90775762988}.Release|Win32.ActiveCfg = Release|Win32
		{C41195FB-0491-48FE-AAFE-B90775762988}.Release|Win32.Build.0 = Release|Win32
		{C41195FB-0491-48FE-AAFE-B90775762988}.Release|Win32.Deploy.0 = Release|Win32
		{C41195FB-0491-48FE-AAFE-B90775762988}.Release|x64.ActiveCfg = Release|x64
		{C41195FB-0491-48FE-AAFE-B90775762988}.Release|x64.Build.0 = Release|x64
		{C41195FB-0491-48FE-AAFE-B90775762988}.Release|x64.Deploy.0 = Release|x64
		{2F2CC82D-D73B-4DEA-A1D6-928AB4579976}.Debug|Win32.ActiveCfg = Debug|Win32
		{2F2CC82D-D73B-4DEA-A1D6-928AB4579976}.Debug|Win32.Build.0 = Debug|Win32
		{2F2CC82D-D73B-4DEA-A1D6-928AB4579976}.Debug|Win32.Deploy.0 = Debug|Win32
		{2F2CC82D-D73B-4DEA-A1D6-928AB4579976}.Debug|x64.ActiveCfg = Debug|x64
		{2F2CC82D-D73B-4DEA-A1D6-928AB4579976}.Debug|x64.Build.0 = Debug|x64
		{2F2CC82D-D73B-4DEA-A1D6-928AB4579976}.Debug|x64.Deploy.0 = Debug|x64
		{2F2CC82D-D73B-4DEA-A1D6-928AB4579976}.Release|Win32.ActiveCfg = Release|Win32
		{2F2CC82D-D73B-4DEA-A1D6-928AB4579976}.Release|Win32.Build.0 = Release|Win32
		{2F2CC82D-D73B-4DEA-A1D6-928AB4579976}.Release|Win32.Deploy.0 = Release|Win32
		{2F2CC82D-D73B-4DEA-A1D6-928AB4579976}.Release|x64.ActiveCfg = Release|x64
		{2F2CC82D-D73B-4DEA-A1D6-928AB4579976}.Release|x64.Build.0 = Release|x64
		{2F2CC82D-D73B-4DEA-A1D6-928AB4579976}.Release|x64.Deploy.0 = Release|x64
		{0CE5AC86-C70F-4A4F-A79F-9815828EFA7A}.Debug|Win32.ActiveCfg = Debug|Win32
		{0CE5AC86-C70F-4A4F-A79F-9815828EFA7A}.Debug|Win32.Build.0 = Debug|Win32
		{0CE5AC86-C70F-4A4F-A79F-9815828EFA7A}.Debug|Win32.Deploy.0 = Debug|Win32
		{0CE5AC86-C70F-4A4F-A79F-9815828EFA7A}.Debug|x64.ActiveCfg = Debug|x64
		{0CE5AC86-C70F-4A4F-A79F-9815828EFA7A}.Debug|x64.Build.0 = Debug|x64
		{0CE5AC86-C70F-4A4F-A79F-9815828EFA7A}.Debug|x64.Deploy.0 = Debug|x64
		{0CE5AC86-C70F-4A4F-A79F-9815828EFA7A}.Release|Win32.ActiveCfg = Release|Win32
		{0CE5AC86-C70F-4A4F-A79F-9815828EFA7A}.Release|Win32.Build.0 = Release|Win32
		{0CE5AC86-C70F-4A4F-A79F-9815828EFA7A}.Release|Win32.Deploy.0 = Release|Win32
		{0CE5AC86-C70F-4A4F-A79F-9815828EFA7A}.Release|x64.ActiveCfg = Release|x64
		{0CE5AC86-C70F-4A4F-A79F-9815828EFA7A}.Release|x64.Build.0 = Release|x64
		{0CE5AC86-C70F-4A4F-A79F-9815828EFA7A}.Release|x64.Deploy.0 = Release|x64
		{166F94C4-1641-47B2-9C6C-53B2125D123A}.Debug|Win32.ActiveCfg = Debug|Win32
		{166F94C4-1641-47B2-9C6C-53B2125D123A}.Debug|Win32.Build.0 = Debug|Win32
		{166F94C4-1641-47B2-9C6C-53B2125D123A}.Debug|Win32.Deploy.0 = Debug|Win32
		{166F94C4-1641-47B2-9C6C-53B2125D123A}.Debug|x64.ActiveCfg = Debug|x64
		{166F94C4-1641-47B2-9C6C-53B2125D123A}.Debug|x64.Build.0 = Debug|x64
		{166F94C4-1641-47B2-9C6C-53B2125D123A}.Debug|x64.Deploy.0 = Debug|x64
		{166F94C4-1641-47B2-9C6C-53B2125D123A}.Release|Win32.ActiveCfg = Release|Win32
		{166F94C4-1641-47B2-9C6C-53B2125D123A}.Release|Win32.Build.0 = Release|Win32
		{166F94C4-1641-47B2-9C6C-53B2125D123A}.Release|Win32.Deploy.0 = Release|Win32
		{166F94C4-1641-47B2-9C6C-53B2125D123A}.Release|x64.ActiveCfg = Release|x64
		{166F94C4-1641-47B2-9C6C-53B2125D123A}.Release|x64.Build.0 = Release|x64
		{166F94C4-1641-47B2-9C6C-53B2125D123A}.Release|x64.Deploy.0 = Release|x64
		{32C66927-C8EA-4534-A760-0BDA5A6F8C58}.Debug|Win32.ActiveCfg = Debug|Win32
		{32C66927-C8EA-4534-A760-0BDA5A6F8C58}.Debug|Win32.Build.0 = Debug|Win32
		{32C66927-C8EA-4534-A760-0BDA5A6F8C58}.Debug|Win32.Deploy.0 = Debug|Win32
		{32C66927-C8EA-4534-A760-0BDA5A6F8C58}.Debug|x64.ActiveCfg = Debug|x64
		{32C66927-C8EA-4534-A760-0BDA5A6F8C58}.Debug|x64.Build.0 = Debug|x64
		{32C66927-C8EA-4534-A760-0BDA5A6F8C58}.Debug|x64.Deploy.0 = Debug|x64
		{32C66927-C8EA-4534-A760-0BDA5A6F8C58}.Release|Win32.ActiveCfg = Release|Win32
		{32C66927-C8EA-4534-A760-0BDA5A6F8C58}.Release|Win32.Build.0 = Release|Win32
		{32C66927-C8EA-4534-A760-0BDA5A6F8C58}.Release|Win32.Deploy.0 = Release|Win32
		{32C66927-C8EA-4534-A760-0BDA5A6F8C58}.Release|x64.ActiveCfg = Release|x64
		{32C66927-C8EA-4534-A760-0BDA5A6F8C58}.Release|x64.Build.0 = Release|x64
		{32C66927-C8EA-4534-A760-0BDA5A6F8C58}.Release|x64.Deploy.0 = Release|x64
	EndGlobalSection
	GlobalSection(SolutionProperties) = preSolution
		HideSolutionNode = FALSE
	EndGlobalSection
EndGlobal
